// !$*UTF8*$!
{
	archiveVersion = 1;
	classes = {
	};
	objectVersion = 46;
	objects = {

/* Begin PBXBuildFile section */
		1AC6FB21180E996B004C840B /* libcocos2d Mac.a in Frameworks */ = {isa = PBXBuildFile; fileRef = 1AC6FAF9180E9839004C840B /* libcocos2d Mac.a */; };
		1AC6FB30180E99EB004C840B /* libcocos2d iOS.a in Frameworks */ = {isa = PBXBuildFile; fileRef = 1AC6FB07180E9839004C840B /* libcocos2d iOS.a */; };
		1D60589F0D05DD5A006BFB54 /* Foundation.framework in Frameworks */ = {isa = PBXBuildFile; fileRef = 1D30AB110D05D00D00671497 /* Foundation.framework */; };
		1DF5F4E00D08C38300B7A737 /* UIKit.framework in Frameworks */ = {isa = PBXBuildFile; fileRef = 1DF5F4DF0D08C38300B7A737 /* UIKit.framework */; };
		288765A50DF7441C002DB57D /* CoreGraphics.framework in Frameworks */ = {isa = PBXBuildFile; fileRef = 288765A40DF7441C002DB57D /* CoreGraphics.framework */; };
		46880B8819C43A87006E1F66 /* AppDelegate.cpp in Sources */ = {isa = PBXBuildFile; fileRef = 46880B8419C43A87006E1F66 /* AppDelegate.cpp */; };
		46880B8919C43A87006E1F66 /* AppDelegate.cpp in Sources */ = {isa = PBXBuildFile; fileRef = 46880B8419C43A87006E1F66 /* AppDelegate.cpp */; };
		503AE0F817EB97AB00D1A890 /* Icon.icns in Resources */ = {isa = PBXBuildFile; fileRef = 503AE0F617EB97AB00D1A890 /* Icon.icns */; };
		503AE10017EB989F00D1A890 /* AppController.mm in Sources */ = {isa = PBXBuildFile; fileRef = 503AE0FB17EB989F00D1A890 /* AppController.mm */; };
		503AE10117EB989F00D1A890 /* main.m in Sources */ = {isa = PBXBuildFile; fileRef = 503AE0FC17EB989F00D1A890 /* main.m */; };
		503AE10217EB989F00D1A890 /* RootViewController.mm in Sources */ = {isa = PBXBuildFile; fileRef = 503AE0FF17EB989F00D1A890 /* RootViewController.mm */; };
		503AE10517EB98FF00D1A890 /* main.cpp in Sources */ = {isa = PBXBuildFile; fileRef = 503AE10317EB98FF00D1A890 /* main.cpp */; };
		503AE11B17EB9C5A00D1A890 /* IOKit.framework in Frameworks */ = {isa = PBXBuildFile; fileRef = 503AE11A17EB9C5A00D1A890 /* IOKit.framework */; };
		5087E76317EB910900C73F5D /* Foundation.framework in Frameworks */ = {isa = PBXBuildFile; fileRef = 1D30AB110D05D00D00671497 /* Foundation.framework */; };
		5087E76717EB910900C73F5D /* libz.dylib in Frameworks */ = {isa = PBXBuildFile; fileRef = BF170DB412928DE900B8313A /* libz.dylib */; };
		5087E76817EB910900C73F5D /* QuartzCore.framework in Frameworks */ = {isa = PBXBuildFile; fileRef = BF1C47EA1293683800B63C5D /* QuartzCore.framework */; };
		5087E76917EB910900C73F5D /* OpenAL.framework in Frameworks */ = {isa = PBXBuildFile; fileRef = D44C620B132DFF330009C878 /* OpenAL.framework */; };
		5087E76A17EB910900C73F5D /* AVFoundation.framework in Frameworks */ = {isa = PBXBuildFile; fileRef = D44C620D132DFF430009C878 /* AVFoundation.framework */; };
		5087E76B17EB910900C73F5D /* AudioToolbox.framework in Frameworks */ = {isa = PBXBuildFile; fileRef = D44C620F132DFF4E0009C878 /* AudioToolbox.framework */; };
		5087E77D17EB970100C73F5D /* Default-568h@2x.png in Resources */ = {isa = PBXBuildFile; fileRef = 5087E77217EB970100C73F5D /* Default-568h@2x.png */; };
		5087E77E17EB970100C73F5D /* Default.png in Resources */ = {isa = PBXBuildFile; fileRef = 5087E77317EB970100C73F5D /* Default.png */; };
		5087E77F17EB970100C73F5D /* Default@2x.png in Resources */ = {isa = PBXBuildFile; fileRef = 5087E77417EB970100C73F5D /* Default@2x.png */; };
		5087E78017EB970100C73F5D /* Icon-114.png in Resources */ = {isa = PBXBuildFile; fileRef = 5087E77517EB970100C73F5D /* Icon-114.png */; };
		5087E78117EB970100C73F5D /* Icon-120.png in Resources */ = {isa = PBXBuildFile; fileRef = 5087E77617EB970100C73F5D /* Icon-120.png */; };
		5087E78217EB970100C73F5D /* Icon-144.png in Resources */ = {isa = PBXBuildFile; fileRef = 5087E77717EB970100C73F5D /* Icon-144.png */; };
		5087E78317EB970100C73F5D /* Icon-152.png in Resources */ = {isa = PBXBuildFile; fileRef = 5087E77817EB970100C73F5D /* Icon-152.png */; };
		5087E78417EB970100C73F5D /* Icon-57.png in Resources */ = {isa = PBXBuildFile; fileRef = 5087E77917EB970100C73F5D /* Icon-57.png */; };
		5087E78517EB970100C73F5D /* Icon-72.png in Resources */ = {isa = PBXBuildFile; fileRef = 5087E77A17EB970100C73F5D /* Icon-72.png */; };
		5087E78617EB970100C73F5D /* Icon-76.png in Resources */ = {isa = PBXBuildFile; fileRef = 5087E77B17EB970100C73F5D /* Icon-76.png */; };
		5087E78917EB974C00C73F5D /* AppKit.framework in Frameworks */ = {isa = PBXBuildFile; fileRef = 5087E78817EB974C00C73F5D /* AppKit.framework */; };
		5087E78B17EB975400C73F5D /* OpenGL.framework in Frameworks */ = {isa = PBXBuildFile; fileRef = 5087E78A17EB975400C73F5D /* OpenGL.framework */; };
		50EF629617ECD46A001EB2F8 /* Icon-40.png in Resources */ = {isa = PBXBuildFile; fileRef = 50EF629217ECD46A001EB2F8 /* Icon-40.png */; };
		50EF629717ECD46A001EB2F8 /* Icon-58.png in Resources */ = {isa = PBXBuildFile; fileRef = 50EF629317ECD46A001EB2F8 /* Icon-58.png */; };
		50EF629817ECD46A001EB2F8 /* Icon-80.png in Resources */ = {isa = PBXBuildFile; fileRef = 50EF629417ECD46A001EB2F8 /* Icon-80.png */; };
		50EF629917ECD46A001EB2F8 /* Icon-100.png in Resources */ = {isa = PBXBuildFile; fileRef = 50EF629517ECD46A001EB2F8 /* Icon-100.png */; };
		50EF62A217ECD613001EB2F8 /* Icon-29.png in Resources */ = {isa = PBXBuildFile; fileRef = 50EF62A017ECD613001EB2F8 /* Icon-29.png */; };
		50EF62A317ECD613001EB2F8 /* Icon-50.png in Resources */ = {isa = PBXBuildFile; fileRef = 50EF62A117ECD613001EB2F8 /* Icon-50.png */; };
		521A8E6419F0C34300D177D7 /* Default-667h@2x.png in Resources */ = {isa = PBXBuildFile; fileRef = 521A8E6219F0C34300D177D7 /* Default-667h@2x.png */; };
		521A8E6519F0C34300D177D7 /* Default-736h@3x.png in Resources */ = {isa = PBXBuildFile; fileRef = 521A8E6319F0C34300D177D7 /* Default-736h@3x.png */; };
		52B47A471A53D09C004E4C60 /* Security.framework in Frameworks */ = {isa = PBXBuildFile; fileRef = 52B47A461A53D09B004E4C60 /* Security.framework */; };
		8262943E1AAF051F00CB7CF7 /* Security.framework in Frameworks */ = {isa = PBXBuildFile; fileRef = 8262943D1AAF051F00CB7CF7 /* Security.framework */; };
		B52188231C34F08300E04587 /* SceneSprite.cpp in Sources */ = {isa = PBXBuildFile; fileRef = B52188211C34F08300E04587 /* SceneSprite.cpp */; };
		B52188241C34F08300E04587 /* SceneSprite.cpp in Sources */ = {isa = PBXBuildFile; fileRef = B52188211C34F08300E04587 /* SceneSprite.cpp */; };
		B52188261C34F37400E04587 /* SceneSpriteSerial.inl in Resources */ = {isa = PBXBuildFile; fileRef = B52188251C34F37400E04587 /* SceneSpriteSerial.inl */; };
		B52188271C34F37400E04587 /* SceneSpriteSerial.inl in Resources */ = {isa = PBXBuildFile; fileRef = B52188251C34F37400E04587 /* SceneSpriteSerial.inl */; };
		B52188291C37439600E04587 /* PaletteSerial.inl in Resources */ = {isa = PBXBuildFile; fileRef = B52188281C37439600E04587 /* PaletteSerial.inl */; };
		B521882A1C37439600E04587 /* PaletteSerial.inl in Resources */ = {isa = PBXBuildFile; fileRef = B52188281C37439600E04587 /* PaletteSerial.inl */; };
		B521882C1C37442600E04587 /* ControlConfigSerial.inl in Resources */ = {isa = PBXBuildFile; fileRef = B521882B1C37442600E04587 /* ControlConfigSerial.inl */; };
		B521882D1C37442600E04587 /* ControlConfigSerial.inl in Resources */ = {isa = PBXBuildFile; fileRef = B521882B1C37442600E04587 /* ControlConfigSerial.inl */; };
		B521882F1C37447900E04587 /* SaveMapSerial.inl in Resources */ = {isa = PBXBuildFile; fileRef = B521882E1C37447900E04587 /* SaveMapSerial.inl */; };
		B52188301C37447900E04587 /* SaveMapSerial.inl in Resources */ = {isa = PBXBuildFile; fileRef = B521882E1C37447900E04587 /* SaveMapSerial.inl */; };
		B52188321C3744C400E04587 /* LoadMapSerial.inl in Resources */ = {isa = PBXBuildFile; fileRef = B52188311C3744C400E04587 /* LoadMapSerial.inl */; };
		B52188331C3744C400E04587 /* LoadMapSerial.inl in Resources */ = {isa = PBXBuildFile; fileRef = B52188311C3744C400E04587 /* LoadMapSerial.inl */; };
		B5A55AA71C2B8B7200E02C60 /* ControlPad.cpp in Sources */ = {isa = PBXBuildFile; fileRef = B5A55AA51C2B8B7200E02C60 /* ControlPad.cpp */; };
		B5A55AA81C2B8B7200E02C60 /* ControlPad.cpp in Sources */ = {isa = PBXBuildFile; fileRef = B5A55AA51C2B8B7200E02C60 /* ControlPad.cpp */; };
		BC3CE9FB1C1B86B400738B33 /* Blocks.cpp in Sources */ = {isa = PBXBuildFile; fileRef = BC3CE9C01C1B86B400738B33 /* Blocks.cpp */; };
		BC3CE9FC1C1B86B400738B33 /* Blocks.cpp in Sources */ = {isa = PBXBuildFile; fileRef = BC3CE9C01C1B86B400738B33 /* Blocks.cpp */; };
		BC3CE9FD1C1B86B400738B33 /* Button.cpp in Sources */ = {isa = PBXBuildFile; fileRef = BC3CE9C21C1B86B400738B33 /* Button.cpp */; };
		BC3CE9FE1C1B86B400738B33 /* Button.cpp in Sources */ = {isa = PBXBuildFile; fileRef = BC3CE9C21C1B86B400738B33 /* Button.cpp */; };
		BC3CE9FF1C1B86B400738B33 /* DrawNodeEx.cpp in Sources */ = {isa = PBXBuildFile; fileRef = BC3CE9C51C1B86B400738B33 /* DrawNodeEx.cpp */; };
		BC3CEA001C1B86B400738B33 /* DrawNodeEx.cpp in Sources */ = {isa = PBXBuildFile; fileRef = BC3CE9C51C1B86B400738B33 /* DrawNodeEx.cpp */; };
		BC3CEA051C1B86B400738B33 /* Events.cpp in Sources */ = {isa = PBXBuildFile; fileRef = BC3CE9CB1C1B86B400738B33 /* Events.cpp */; };
		BC3CEA061C1B86B400738B33 /* Events.cpp in Sources */ = {isa = PBXBuildFile; fileRef = BC3CE9CB1C1B86B400738B33 /* Events.cpp */; };
		BC3CEA071C1B86B400738B33 /* GameScene.cpp in Sources */ = {isa = PBXBuildFile; fileRef = BC3CE9CD1C1B86B400738B33 /* GameScene.cpp */; };
		BC3CEA081C1B86B400738B33 /* GameScene.cpp in Sources */ = {isa = PBXBuildFile; fileRef = BC3CE9CD1C1B86B400738B33 /* GameScene.cpp */; };
		BC3CEA091C1B86B400738B33 /* GameUtils.cpp in Sources */ = {isa = PBXBuildFile; fileRef = BC3CE9CF1C1B86B400738B33 /* GameUtils.cpp */; };
		BC3CEA0A1C1B86B400738B33 /* GameUtils.cpp in Sources */ = {isa = PBXBuildFile; fileRef = BC3CE9CF1C1B86B400738B33 /* GameUtils.cpp */; };
		BC3CEA0B1C1B86B400738B33 /* HttpHelper.cpp in Sources */ = {isa = PBXBuildFile; fileRef = BC3CE9D11C1B86B400738B33 /* HttpHelper.cpp */; };
		BC3CEA0C1C1B86B400738B33 /* HttpHelper.cpp in Sources */ = {isa = PBXBuildFile; fileRef = BC3CE9D11C1B86B400738B33 /* HttpHelper.cpp */; };
		BC3CEA0F1C1B86B400738B33 /* LevelScene.cpp in Sources */ = {isa = PBXBuildFile; fileRef = BC3CE9D51C1B86B400738B33 /* LevelScene.cpp */; };
		BC3CEA101C1B86B400738B33 /* LevelScene.cpp in Sources */ = {isa = PBXBuildFile; fileRef = BC3CE9D51C1B86B400738B33 /* LevelScene.cpp */; };
		BC3CEA151C1B86B400738B33 /* LogicManager.cpp in Sources */ = {isa = PBXBuildFile; fileRef = BC3CE9DB1C1B86B400738B33 /* LogicManager.cpp */; };
		BC3CEA161C1B86B400738B33 /* LogicManager.cpp in Sources */ = {isa = PBXBuildFile; fileRef = BC3CE9DB1C1B86B400738B33 /* LogicManager.cpp */; };
		BC3CEA171C1B86B400738B33 /* MapSerial.cpp in Sources */ = {isa = PBXBuildFile; fileRef = BC3CE9DD1C1B86B400738B33 /* MapSerial.cpp */; };
		BC3CEA181C1B86B400738B33 /* MapSerial.cpp in Sources */ = {isa = PBXBuildFile; fileRef = BC3CE9DD1C1B86B400738B33 /* MapSerial.cpp */; };
		BC3CEA191C1B86B400738B33 /* Path.cpp in Sources */ = {isa = PBXBuildFile; fileRef = BC3CE9DF1C1B86B400738B33 /* Path.cpp */; };
		BC3CEA1A1C1B86B400738B33 /* Path.cpp in Sources */ = {isa = PBXBuildFile; fileRef = BC3CE9DF1C1B86B400738B33 /* Path.cpp */; };
		BC3CEA1B1C1B86B400738B33 /* PathLib.cpp in Sources */ = {isa = PBXBuildFile; fileRef = BC3CE9E11C1B86B400738B33 /* PathLib.cpp */; };
		BC3CEA1C1C1B86B400738B33 /* PathLib.cpp in Sources */ = {isa = PBXBuildFile; fileRef = BC3CE9E11C1B86B400738B33 /* PathLib.cpp */; };
		BC3CEA1D1C1B86B400738B33 /* PathLibOSX.mm in Sources */ = {isa = PBXBuildFile; fileRef = BC3CE9E31C1B86B400738B33 /* PathLibOSX.mm */; };
		BC3CEA1E1C1B86B400738B33 /* PathLibOSX.mm in Sources */ = {isa = PBXBuildFile; fileRef = BC3CE9E31C1B86B400738B33 /* PathLibOSX.mm */; };
		BC3CEA211C1B86B400738B33 /* Rotator.cpp in Sources */ = {isa = PBXBuildFile; fileRef = BC3CE9E51C1B86B400738B33 /* Rotator.cpp */; };
		BC3CEA221C1B86B400738B33 /* Rotator.cpp in Sources */ = {isa = PBXBuildFile; fileRef = BC3CE9E51C1B86B400738B33 /* Rotator.cpp */; };
		BC3CEA251C1B86B400738B33 /* Shadows.cpp in Sources */ = {isa = PBXBuildFile; fileRef = BC3CE9E91C1B86B400738B33 /* Shadows.cpp */; };
		BC3CEA261C1B86B400738B33 /* Shadows.cpp in Sources */ = {isa = PBXBuildFile; fileRef = BC3CE9E91C1B86B400738B33 /* Shadows.cpp */; };
		BC3CEA271C1B86B400738B33 /* CameraShake.cpp in Sources */ = {isa = PBXBuildFile; fileRef = BC3CE9EB1C1B86B400738B33 /* CameraShake.cpp */; };
		BC3CEA281C1B86B400738B33 /* CameraShake.cpp in Sources */ = {isa = PBXBuildFile; fileRef = BC3CE9EB1C1B86B400738B33 /* CameraShake.cpp */; };
		BC3CEA2B1C1B86B400738B33 /* SpriteUV.cpp in Sources */ = {isa = PBXBuildFile; fileRef = BC3CE9EF1C1B86B400738B33 /* SpriteUV.cpp */; };
		BC3CEA2C1C1B86B400738B33 /* SpriteUV.cpp in Sources */ = {isa = PBXBuildFile; fileRef = BC3CE9EF1C1B86B400738B33 /* SpriteUV.cpp */; };
		BC3CEA2D1C1B86B400738B33 /* TimeEvent.cpp in Sources */ = {isa = PBXBuildFile; fileRef = BC3CE9F11C1B86B400738B33 /* TimeEvent.cpp */; };
		BC3CEA2E1C1B86B400738B33 /* TimeEvent.cpp in Sources */ = {isa = PBXBuildFile; fileRef = BC3CE9F11C1B86B400738B33 /* TimeEvent.cpp */; };
		BC3CEA2F1C1B86B400738B33 /* UIColorEditor.cpp in Sources */ = {isa = PBXBuildFile; fileRef = BC3CE9F31C1B86B400738B33 /* UIColorEditor.cpp */; };
		BC3CEA301C1B86B400738B33 /* UIColorEditor.cpp in Sources */ = {isa = PBXBuildFile; fileRef = BC3CE9F31C1B86B400738B33 /* UIColorEditor.cpp */; };
		BC3CEA311C1B86B400738B33 /* UILayer.cpp in Sources */ = {isa = PBXBuildFile; fileRef = BC3CE9F51C1B86B400738B33 /* UILayer.cpp */; };
		BC3CEA321C1B86B400738B33 /* UILayer.cpp in Sources */ = {isa = PBXBuildFile; fileRef = BC3CE9F51C1B86B400738B33 /* UILayer.cpp */; };
		BC3CEA331C1B86B400738B33 /* VisibleRect.cpp in Sources */ = {isa = PBXBuildFile; fileRef = BC3CE9F71C1B86B400738B33 /* VisibleRect.cpp */; };
		BC3CEA341C1B86B400738B33 /* VisibleRect.cpp in Sources */ = {isa = PBXBuildFile; fileRef = BC3CE9F71C1B86B400738B33 /* VisibleRect.cpp */; };
		BC3CEA3F1C1B879100738B33 /* configs in Resources */ = {isa = PBXBuildFile; fileRef = BC3CEA371C1B879100738B33 /* configs */; };
		BC3CEA401C1B879100738B33 /* configs in Resources */ = {isa = PBXBuildFile; fileRef = BC3CEA371C1B879100738B33 /* configs */; };
		BC3CEA411C1B879100738B33 /* extensions in Resources */ = {isa = PBXBuildFile; fileRef = BC3CEA381C1B879100738B33 /* extensions */; };
		BC3CEA421C1B879100738B33 /* extensions in Resources */ = {isa = PBXBuildFile; fileRef = BC3CEA381C1B879100738B33 /* extensions */; };
		BC3CEA431C1B879100738B33 /* fonts in Resources */ = {isa = PBXBuildFile; fileRef = BC3CEA391C1B879100738B33 /* fonts */; };
		BC3CEA441C1B879100738B33 /* fonts in Resources */ = {isa = PBXBuildFile; fileRef = BC3CEA391C1B879100738B33 /* fonts */; };
		BC3CEA451C1B879100738B33 /* fx in Resources */ = {isa = PBXBuildFile; fileRef = BC3CEA3A1C1B879100738B33 /* fx */; };
		BC3CEA461C1B879100738B33 /* fx in Resources */ = {isa = PBXBuildFile; fileRef = BC3CEA3A1C1B879100738B33 /* fx */; };
		BC3CEA471C1B879100738B33 /* images in Resources */ = {isa = PBXBuildFile; fileRef = BC3CEA3B1C1B879100738B33 /* images */; };
		BC3CEA481C1B879100738B33 /* images in Resources */ = {isa = PBXBuildFile; fileRef = BC3CEA3B1C1B879100738B33 /* images */; };
		BC3CEA491C1B879100738B33 /* maps in Resources */ = {isa = PBXBuildFile; fileRef = BC3CEA3C1C1B879100738B33 /* maps */; };
		BC3CEA4A1C1B879100738B33 /* maps in Resources */ = {isa = PBXBuildFile; fileRef = BC3CEA3C1C1B879100738B33 /* maps */; };
		BC3CEA4B1C1B879100738B33 /* palette in Resources */ = {isa = PBXBuildFile; fileRef = BC3CEA3D1C1B879100738B33 /* palette */; };
		BC3CEA4C1C1B879100738B33 /* palette in Resources */ = {isa = PBXBuildFile; fileRef = BC3CEA3D1C1B879100738B33 /* palette */; };
		BC3CEA4D1C1B879100738B33 /* shaders in Resources */ = {isa = PBXBuildFile; fileRef = BC3CEA3E1C1B879100738B33 /* shaders */; };
		BC3CEA4E1C1B879100738B33 /* shaders in Resources */ = {isa = PBXBuildFile; fileRef = BC3CEA3E1C1B879100738B33 /* shaders */; };
		BC3CEA881C1CD47000738B33 /* rapidjson in Resources */ = {isa = PBXBuildFile; fileRef = BC3CEA871C1CD47000738B33 /* rapidjson */; };
		BC3CEA891C1CD47000738B33 /* rapidjson in Resources */ = {isa = PBXBuildFile; fileRef = BC3CEA871C1CD47000738B33 /* rapidjson */; };
		BC3CEA901C1F20F700738B33 /* Palette.cpp in Sources */ = {isa = PBXBuildFile; fileRef = BC3CEA8E1C1F20F700738B33 /* Palette.cpp */; };
		BC3CEA911C1F20F700738B33 /* Palette.cpp in Sources */ = {isa = PBXBuildFile; fileRef = BC3CEA8E1C1F20F700738B33 /* Palette.cpp */; };
		BC3CEA941C1F475F00738B33 /* Hero.cpp in Sources */ = {isa = PBXBuildFile; fileRef = BC3CEA921C1F475F00738B33 /* Hero.cpp */; };
		BC3CEA951C1F475F00738B33 /* Hero.cpp in Sources */ = {isa = PBXBuildFile; fileRef = BC3CEA921C1F475F00738B33 /* Hero.cpp */; };
		BC641FFC1C3C7F730018F96F /* ChooseWorldScene.cpp in Sources */ = {isa = PBXBuildFile; fileRef = BC641FFA1C3C7F730018F96F /* ChooseWorldScene.cpp */; };
		BC641FFD1C3C7F730018F96F /* ChooseWorldScene.cpp in Sources */ = {isa = PBXBuildFile; fileRef = BC641FFA1C3C7F730018F96F /* ChooseWorldScene.cpp */; };
		BC6420001C3C88BB0018F96F /* GameLayerContainer.cpp in Sources */ = {isa = PBXBuildFile; fileRef = BC641FFE1C3C88BB0018F96F /* GameLayerContainer.cpp */; };
		BC6420011C3C88BB0018F96F /* GameLayerContainer.cpp in Sources */ = {isa = PBXBuildFile; fileRef = BC641FFE1C3C88BB0018F96F /* GameLayerContainer.cpp */; };
		BC64236A1C3F4FA20018F96F /* RectRenderer.cpp in Sources */ = {isa = PBXBuildFile; fileRef = BC6423681C3F4FA20018F96F /* RectRenderer.cpp */; };
		BC64236B1C3F4FA20018F96F /* RectRenderer.cpp in Sources */ = {isa = PBXBuildFile; fileRef = BC6423681C3F4FA20018F96F /* RectRenderer.cpp */; };
		BC64236E1C3F4FB40018F96F /* DeathCircleRenderer.cpp in Sources */ = {isa = PBXBuildFile; fileRef = BC64236C1C3F4FB40018F96F /* DeathCircleRenderer.cpp */; };
		BC64236F1C3F4FB40018F96F /* DeathCircleRenderer.cpp in Sources */ = {isa = PBXBuildFile; fileRef = BC64236C1C3F4FB40018F96F /* DeathCircleRenderer.cpp */; };
		BC6423711C3F5D3B0018F96F /* EditorScene.cpp in Sources */ = {isa = PBXBuildFile; fileRef = BC6423701C3F5D3B0018F96F /* EditorScene.cpp */; };
		BC6423721C3F5D3B0018F96F /* EditorScene.cpp in Sources */ = {isa = PBXBuildFile; fileRef = BC6423701C3F5D3B0018F96F /* EditorScene.cpp */; };
		BCB85EF61C45ED2C00CB8383 /* GameObject.cpp in Sources */ = {isa = PBXBuildFile; fileRef = BCB85EF41C45ED2C00CB8383 /* GameObject.cpp */; };
		BCB85EF71C45ED2C00CB8383 /* GameObject.cpp in Sources */ = {isa = PBXBuildFile; fileRef = BCB85EF41C45ED2C00CB8383 /* GameObject.cpp */; };
		BCB85EFE1C45EE6200CB8383 /* GameRenderer.cpp in Sources */ = {isa = PBXBuildFile; fileRef = BCB85EFC1C45EE6200CB8383 /* GameRenderer.cpp */; };
		BCB85EFF1C45EE6200CB8383 /* GameRenderer.cpp in Sources */ = {isa = PBXBuildFile; fileRef = BCB85EFC1C45EE6200CB8383 /* GameRenderer.cpp */; };
		BCB85F031C46ABE300CB8383 /* GameTypes.cpp in Sources */ = {isa = PBXBuildFile; fileRef = BCB85F021C46ABE300CB8383 /* GameTypes.cpp */; };
		BCB85F041C46ABE300CB8383 /* GameTypes.cpp in Sources */ = {isa = PBXBuildFile; fileRef = BCB85F021C46ABE300CB8383 /* GameTypes.cpp */; };
		BCB85F071C46AE9500CB8383 /* ObjectManager.cpp in Sources */ = {isa = PBXBuildFile; fileRef = BCB85F051C46AE9500CB8383 /* ObjectManager.cpp */; };
		BCB85F081C46AE9500CB8383 /* ObjectManager.cpp in Sources */ = {isa = PBXBuildFile; fileRef = BCB85F051C46AE9500CB8383 /* ObjectManager.cpp */; };
		BCB85F0C1C46B35F00CB8383 /* SimpleRenderer.cpp in Sources */ = {isa = PBXBuildFile; fileRef = BCB85F0A1C46B35F00CB8383 /* SimpleRenderer.cpp */; };
		BCB85F0D1C46B35F00CB8383 /* SimpleRenderer.cpp in Sources */ = {isa = PBXBuildFile; fileRef = BCB85F0A1C46B35F00CB8383 /* SimpleRenderer.cpp */; };
		BCB862A21C4710F700CB8383 /* GameLevel.cpp in Sources */ = {isa = PBXBuildFile; fileRef = BCB862A01C4710F700CB8383 /* GameLevel.cpp */; };
		BCB862A31C4710F700CB8383 /* GameLevel.cpp in Sources */ = {isa = PBXBuildFile; fileRef = BCB862A01C4710F700CB8383 /* GameLevel.cpp */; };
		BCB862AB1C47376400CB8383 /* PhysicsComponent.cpp in Sources */ = {isa = PBXBuildFile; fileRef = BCB862A91C47376400CB8383 /* PhysicsComponent.cpp */; };
		BCB862AC1C47376400CB8383 /* PhysicsComponent.cpp in Sources */ = {isa = PBXBuildFile; fileRef = BCB862A91C47376400CB8383 /* PhysicsComponent.cpp */; };
		BCB862B01C473E3500CB8383 /* PhysicsShape.cpp in Sources */ = {isa = PBXBuildFile; fileRef = BCB862AE1C473E3500CB8383 /* PhysicsShape.cpp */; };
		BCB862B11C473E3500CB8383 /* PhysicsShape.cpp in Sources */ = {isa = PBXBuildFile; fileRef = BCB862AE1C473E3500CB8383 /* PhysicsShape.cpp */; };
		BCB862B41C482A9B00CB8383 /* PhysicsManager.cpp in Sources */ = {isa = PBXBuildFile; fileRef = BCB862B21C482A9B00CB8383 /* PhysicsManager.cpp */; };
		BCB862B51C482A9B00CB8383 /* PhysicsManager.cpp in Sources */ = {isa = PBXBuildFile; fileRef = BCB862B21C482A9B00CB8383 /* PhysicsManager.cpp */; };
		BCB862B81C4842BA00CB8383 /* ColorPalette.cpp in Sources */ = {isa = PBXBuildFile; fileRef = BCB862B61C4842BA00CB8383 /* ColorPalette.cpp */; };
		BCB862B91C4842BA00CB8383 /* ColorPalette.cpp in Sources */ = {isa = PBXBuildFile; fileRef = BCB862B61C4842BA00CB8383 /* ColorPalette.cpp */; };
		BCB862BC1C4843EC00CB8383 /* JsonParser.cpp in Sources */ = {isa = PBXBuildFile; fileRef = BCB862BA1C4843EC00CB8383 /* JsonParser.cpp */; };
		BCB862BD1C4843EC00CB8383 /* JsonParser.cpp in Sources */ = {isa = PBXBuildFile; fileRef = BCB862BA1C4843EC00CB8383 /* JsonParser.cpp */; };
		BCB866551C4957F900CB8383 /* EditorGameScene.cpp in Sources */ = {isa = PBXBuildFile; fileRef = BCB866531C4957F900CB8383 /* EditorGameScene.cpp */; };
		BCB866561C4957F900CB8383 /* EditorGameScene.cpp in Sources */ = {isa = PBXBuildFile; fileRef = BCB866531C4957F900CB8383 /* EditorGameScene.cpp */; };
		BCB8669E1C49A34700CB8383 /* BlockKindConfigs.cpp in Sources */ = {isa = PBXBuildFile; fileRef = BCB8669C1C49A34700CB8383 /* BlockKindConfigs.cpp */; };
		BCB8669F1C49A34700CB8383 /* BlockKindConfigs.cpp in Sources */ = {isa = PBXBuildFile; fileRef = BCB8669C1C49A34700CB8383 /* BlockKindConfigs.cpp */; };
		BCB866A31C49D30900CB8383 /* DeathRenderer.cpp in Sources */ = {isa = PBXBuildFile; fileRef = BCB866A11C49D30900CB8383 /* DeathRenderer.cpp */; };
		BCB866A41C49D30900CB8383 /* DeathRenderer.cpp in Sources */ = {isa = PBXBuildFile; fileRef = BCB866A11C49D30900CB8383 /* DeathRenderer.cpp */; };
		BCB866A71C49D8EE00CB8383 /* DeathRotatorRenderer.cpp in Sources */ = {isa = PBXBuildFile; fileRef = BCB866A51C49D8EE00CB8383 /* DeathRotatorRenderer.cpp */; };
		BCB866A81C49D8EE00CB8383 /* DeathRotatorRenderer.cpp in Sources */ = {isa = PBXBuildFile; fileRef = BCB866A51C49D8EE00CB8383 /* DeathRotatorRenderer.cpp */; };
		BCB866AB1C4D495C00CB8383 /* GameEvents.cpp in Sources */ = {isa = PBXBuildFile; fileRef = BCB866A91C4D495C00CB8383 /* GameEvents.cpp */; };
		BCB866AC1C4D495C00CB8383 /* GameEvents.cpp in Sources */ = {isa = PBXBuildFile; fileRef = BCB866A91C4D495C00CB8383 /* GameEvents.cpp */; };
		BCB866AF1C4D818500CB8383 /* InputComponent.cpp in Sources */ = {isa = PBXBuildFile; fileRef = BCB866AD1C4D818500CB8383 /* InputComponent.cpp */; };
		BCB866B01C4D818500CB8383 /* InputComponent.cpp in Sources */ = {isa = PBXBuildFile; fileRef = BCB866AD1C4D818500CB8383 /* InputComponent.cpp */; };
		BCDFFFFB1C32ECED006E8A59 /* BlockRenderer.cpp in Sources */ = {isa = PBXBuildFile; fileRef = BCDFFFF91C32ECED006E8A59 /* BlockRenderer.cpp */; };
		BCDFFFFC1C32ECED006E8A59 /* BlockRenderer.cpp in Sources */ = {isa = PBXBuildFile; fileRef = BCDFFFF91C32ECED006E8A59 /* BlockRenderer.cpp */; };
		BF171245129291EC00B8313A /* OpenGLES.framework in Frameworks */ = {isa = PBXBuildFile; fileRef = BF170DB012928DE900B8313A /* OpenGLES.framework */; };
		BF1712471292920000B8313A /* libz.dylib in Frameworks */ = {isa = PBXBuildFile; fileRef = BF170DB412928DE900B8313A /* libz.dylib */; };
		BF1C47F01293687400B63C5D /* QuartzCore.framework in Frameworks */ = {isa = PBXBuildFile; fileRef = BF1C47EA1293683800B63C5D /* QuartzCore.framework */; };
		D44C620C132DFF330009C878 /* OpenAL.framework in Frameworks */ = {isa = PBXBuildFile; fileRef = D44C620B132DFF330009C878 /* OpenAL.framework */; };
		D44C620E132DFF430009C878 /* AVFoundation.framework in Frameworks */ = {isa = PBXBuildFile; fileRef = D44C620D132DFF430009C878 /* AVFoundation.framework */; };
		D44C6210132DFF4E0009C878 /* AudioToolbox.framework in Frameworks */ = {isa = PBXBuildFile; fileRef = D44C620F132DFF4E0009C878 /* AudioToolbox.framework */; };
		D6B0611B1803AB670077942B /* CoreMotion.framework in Frameworks */ = {isa = PBXBuildFile; fileRef = D6B0611A1803AB670077942B /* CoreMotion.framework */; };
		ED545A7C1B68A1F400C3958E /* libiconv.dylib in Frameworks */ = {isa = PBXBuildFile; fileRef = ED545A7B1B68A1F400C3958E /* libiconv.dylib */; };
		ED545A7E1B68A1FA00C3958E /* libiconv.dylib in Frameworks */ = {isa = PBXBuildFile; fileRef = ED545A7D1B68A1FA00C3958E /* libiconv.dylib */; };
/* End PBXBuildFile section */

/* Begin PBXContainerItemProxy section */
		1AC6FAF8180E9839004C840B /* PBXContainerItemProxy */ = {
			isa = PBXContainerItemProxy;
			containerPortal = 1AC6FAE5180E9839004C840B /* cocos2d_libs.xcodeproj */;
			proxyType = 2;
			remoteGlobalIDString = 1551A33F158F2AB200E66CFE;
			remoteInfo = "cocos2dx Mac";
		};
		1AC6FB06180E9839004C840B /* PBXContainerItemProxy */ = {
			isa = PBXContainerItemProxy;
			containerPortal = 1AC6FAE5180E9839004C840B /* cocos2d_libs.xcodeproj */;
			proxyType = 2;
			remoteGlobalIDString = A07A4D641783777C0073F6A7;
			remoteInfo = "cocos2dx iOS";
		};
		1AC6FB15180E9959004C840B /* PBXContainerItemProxy */ = {
			isa = PBXContainerItemProxy;
			containerPortal = 1AC6FAE5180E9839004C840B /* cocos2d_libs.xcodeproj */;
			proxyType = 1;
			remoteGlobalIDString = 1551A33E158F2AB200E66CFE;
			remoteInfo = "cocos2dx Mac";
		};
		1AC6FB24180E99E1004C840B /* PBXContainerItemProxy */ = {
			isa = PBXContainerItemProxy;
			containerPortal = 1AC6FAE5180E9839004C840B /* cocos2d_libs.xcodeproj */;
			proxyType = 1;
			remoteGlobalIDString = A07A4C241783777C0073F6A7;
			remoteInfo = "cocos2dx iOS";
		};
/* End PBXContainerItemProxy section */

/* Begin PBXFileReference section */
		1AC6FAE5180E9839004C840B /* cocos2d_libs.xcodeproj */ = {isa = PBXFileReference; lastKnownFileType = "wrapper.pb-project"; name = cocos2d_libs.xcodeproj; path = ../cocos2d/build/cocos2d_libs.xcodeproj; sourceTree = "<group>"; };
		1ACB3243164770DE00914215 /* libcurl.a */ = {isa = PBXFileReference; lastKnownFileType = archive.ar; name = libcurl.a; path = ../../cocos2dx/platform/third_party/ios/libraries/libcurl.a; sourceTree = "<group>"; };
		1D30AB110D05D00D00671497 /* Foundation.framework */ = {isa = PBXFileReference; lastKnownFileType = wrapper.framework; name = Foundation.framework; path = System/Library/Frameworks/Foundation.framework; sourceTree = SDKROOT; };
		1D6058910D05DD3D006BFB54 /* jumpproj-mobile.app */ = {isa = PBXFileReference; explicitFileType = wrapper.application; includeInIndex = 0; path = "jumpproj-mobile.app"; sourceTree = BUILT_PRODUCTS_DIR; };
		1DF5F4DF0D08C38300B7A737 /* UIKit.framework */ = {isa = PBXFileReference; lastKnownFileType = wrapper.framework; name = UIKit.framework; path = System/Library/Frameworks/UIKit.framework; sourceTree = SDKROOT; };
		288765A40DF7441C002DB57D /* CoreGraphics.framework */ = {isa = PBXFileReference; lastKnownFileType = wrapper.framework; name = CoreGraphics.framework; path = System/Library/Frameworks/CoreGraphics.framework; sourceTree = SDKROOT; };
		46880B8419C43A87006E1F66 /* AppDelegate.cpp */ = {isa = PBXFileReference; fileEncoding = 4; lastKnownFileType = sourcecode.cpp.cpp; path = AppDelegate.cpp; sourceTree = "<group>"; };
		46880B8519C43A87006E1F66 /* AppDelegate.h */ = {isa = PBXFileReference; fileEncoding = 4; lastKnownFileType = sourcecode.c.h; path = AppDelegate.h; sourceTree = "<group>"; };
		503AE0F617EB97AB00D1A890 /* Icon.icns */ = {isa = PBXFileReference; lastKnownFileType = image.icns; path = Icon.icns; sourceTree = "<group>"; };
		503AE0F717EB97AB00D1A890 /* Info.plist */ = {isa = PBXFileReference; fileEncoding = 4; lastKnownFileType = text.plist.xml; path = Info.plist; sourceTree = "<group>"; };
		503AE0FA17EB989F00D1A890 /* AppController.h */ = {isa = PBXFileReference; fileEncoding = 4; lastKnownFileType = sourcecode.c.h; name = AppController.h; path = ios/AppController.h; sourceTree = SOURCE_ROOT; };
		503AE0FB17EB989F00D1A890 /* AppController.mm */ = {isa = PBXFileReference; fileEncoding = 4; lastKnownFileType = sourcecode.cpp.objcpp; name = AppController.mm; path = ios/AppController.mm; sourceTree = SOURCE_ROOT; };
		503AE0FC17EB989F00D1A890 /* main.m */ = {isa = PBXFileReference; fileEncoding = 4; lastKnownFileType = sourcecode.c.objc; name = main.m; path = ios/main.m; sourceTree = SOURCE_ROOT; };
		503AE0FD17EB989F00D1A890 /* Prefix.pch */ = {isa = PBXFileReference; fileEncoding = 4; lastKnownFileType = sourcecode.c.h; name = Prefix.pch; path = ios/Prefix.pch; sourceTree = SOURCE_ROOT; };
		503AE0FE17EB989F00D1A890 /* RootViewController.h */ = {isa = PBXFileReference; fileEncoding = 4; lastKnownFileType = sourcecode.c.h; name = RootViewController.h; path = ios/RootViewController.h; sourceTree = SOURCE_ROOT; };
		503AE0FF17EB989F00D1A890 /* RootViewController.mm */ = {isa = PBXFileReference; fileEncoding = 4; lastKnownFileType = sourcecode.cpp.objcpp; name = RootViewController.mm; path = ios/RootViewController.mm; sourceTree = SOURCE_ROOT; };
		503AE10317EB98FF00D1A890 /* main.cpp */ = {isa = PBXFileReference; fileEncoding = 4; lastKnownFileType = sourcecode.cpp.cpp; name = main.cpp; path = mac/main.cpp; sourceTree = "<group>"; };
		503AE10417EB98FF00D1A890 /* Prefix.pch */ = {isa = PBXFileReference; fileEncoding = 4; lastKnownFileType = sourcecode.c.h; name = Prefix.pch; path = mac/Prefix.pch; sourceTree = "<group>"; };
		503AE11117EB99EE00D1A890 /* libcurl.dylib */ = {isa = PBXFileReference; lastKnownFileType = "compiled.mach-o.dylib"; name = libcurl.dylib; path = usr/lib/libcurl.dylib; sourceTree = SDKROOT; };
		503AE11A17EB9C5A00D1A890 /* IOKit.framework */ = {isa = PBXFileReference; lastKnownFileType = wrapper.framework; name = IOKit.framework; path = System/Library/Frameworks/IOKit.framework; sourceTree = SDKROOT; };
		5087E76F17EB910900C73F5D /* jumpproj-desktop.app */ = {isa = PBXFileReference; explicitFileType = wrapper.application; includeInIndex = 0; path = "jumpproj-desktop.app"; sourceTree = BUILT_PRODUCTS_DIR; };
		5087E77217EB970100C73F5D /* Default-568h@2x.png */ = {isa = PBXFileReference; lastKnownFileType = image.png; path = "Default-568h@2x.png"; sourceTree = "<group>"; };
		5087E77317EB970100C73F5D /* Default.png */ = {isa = PBXFileReference; lastKnownFileType = image.png; path = Default.png; sourceTree = "<group>"; };
		5087E77417EB970100C73F5D /* Default@2x.png */ = {isa = PBXFileReference; lastKnownFileType = image.png; path = "Default@2x.png"; sourceTree = "<group>"; };
		5087E77517EB970100C73F5D /* Icon-114.png */ = {isa = PBXFileReference; lastKnownFileType = image.png; path = "Icon-114.png"; sourceTree = "<group>"; };
		5087E77617EB970100C73F5D /* Icon-120.png */ = {isa = PBXFileReference; lastKnownFileType = image.png; path = "Icon-120.png"; sourceTree = "<group>"; };
		5087E77717EB970100C73F5D /* Icon-144.png */ = {isa = PBXFileReference; lastKnownFileType = image.png; path = "Icon-144.png"; sourceTree = "<group>"; };
		5087E77817EB970100C73F5D /* Icon-152.png */ = {isa = PBXFileReference; lastKnownFileType = image.png; path = "Icon-152.png"; sourceTree = "<group>"; };
		5087E77917EB970100C73F5D /* Icon-57.png */ = {isa = PBXFileReference; lastKnownFileType = image.png; path = "Icon-57.png"; sourceTree = "<group>"; };
		5087E77A17EB970100C73F5D /* Icon-72.png */ = {isa = PBXFileReference; lastKnownFileType = image.png; path = "Icon-72.png"; sourceTree = "<group>"; };
		5087E77B17EB970100C73F5D /* Icon-76.png */ = {isa = PBXFileReference; lastKnownFileType = image.png; path = "Icon-76.png"; sourceTree = "<group>"; };
		5087E77C17EB970100C73F5D /* Info.plist */ = {isa = PBXFileReference; fileEncoding = 4; lastKnownFileType = text.plist.xml; path = Info.plist; sourceTree = "<group>"; };
		5087E78817EB974C00C73F5D /* AppKit.framework */ = {isa = PBXFileReference; lastKnownFileType = wrapper.framework; name = AppKit.framework; path = System/Library/Frameworks/AppKit.framework; sourceTree = SDKROOT; };
		5087E78A17EB975400C73F5D /* OpenGL.framework */ = {isa = PBXFileReference; lastKnownFileType = wrapper.framework; name = OpenGL.framework; path = System/Library/Frameworks/OpenGL.framework; sourceTree = SDKROOT; };
		50EF629217ECD46A001EB2F8 /* Icon-40.png */ = {isa = PBXFileReference; lastKnownFileType = image.png; path = "Icon-40.png"; sourceTree = "<group>"; };
		50EF629317ECD46A001EB2F8 /* Icon-58.png */ = {isa = PBXFileReference; lastKnownFileType = image.png; path = "Icon-58.png"; sourceTree = "<group>"; };
		50EF629417ECD46A001EB2F8 /* Icon-80.png */ = {isa = PBXFileReference; lastKnownFileType = image.png; path = "Icon-80.png"; sourceTree = "<group>"; };
		50EF629517ECD46A001EB2F8 /* Icon-100.png */ = {isa = PBXFileReference; lastKnownFileType = image.png; path = "Icon-100.png"; sourceTree = "<group>"; };
		50EF62A017ECD613001EB2F8 /* Icon-29.png */ = {isa = PBXFileReference; lastKnownFileType = image.png; path = "Icon-29.png"; sourceTree = "<group>"; };
		50EF62A117ECD613001EB2F8 /* Icon-50.png */ = {isa = PBXFileReference; lastKnownFileType = image.png; path = "Icon-50.png"; sourceTree = "<group>"; };
		521A8E6219F0C34300D177D7 /* Default-667h@2x.png */ = {isa = PBXFileReference; lastKnownFileType = image.png; path = "Default-667h@2x.png"; sourceTree = "<group>"; };
		521A8E6319F0C34300D177D7 /* Default-736h@3x.png */ = {isa = PBXFileReference; lastKnownFileType = image.png; path = "Default-736h@3x.png"; sourceTree = "<group>"; };
		52B47A461A53D09B004E4C60 /* Security.framework */ = {isa = PBXFileReference; lastKnownFileType = wrapper.framework; name = Security.framework; path = Platforms/iPhoneOS.platform/Developer/SDKs/iPhoneOS8.1.sdk/System/Library/Frameworks/Security.framework; sourceTree = DEVELOPER_DIR; };
		8262943D1AAF051F00CB7CF7 /* Security.framework */ = {isa = PBXFileReference; lastKnownFileType = wrapper.framework; name = Security.framework; path = System/Library/Frameworks/Security.framework; sourceTree = SDKROOT; };
		B52188211C34F08300E04587 /* SceneSprite.cpp */ = {isa = PBXFileReference; fileEncoding = 4; lastKnownFileType = sourcecode.cpp.cpp; path = SceneSprite.cpp; sourceTree = "<group>"; };
		B52188221C34F08300E04587 /* SceneSprite.h */ = {isa = PBXFileReference; fileEncoding = 4; lastKnownFileType = sourcecode.c.h; path = SceneSprite.h; sourceTree = "<group>"; };
		B52188251C34F37400E04587 /* SceneSpriteSerial.inl */ = {isa = PBXFileReference; fileEncoding = 4; lastKnownFileType = text; path = SceneSpriteSerial.inl; sourceTree = "<group>"; };
		B52188281C37439600E04587 /* PaletteSerial.inl */ = {isa = PBXFileReference; fileEncoding = 4; lastKnownFileType = text; path = PaletteSerial.inl; sourceTree = "<group>"; };
		B521882B1C37442600E04587 /* ControlConfigSerial.inl */ = {isa = PBXFileReference; fileEncoding = 4; lastKnownFileType = text; path = ControlConfigSerial.inl; sourceTree = "<group>"; };
		B521882E1C37447900E04587 /* SaveMapSerial.inl */ = {isa = PBXFileReference; fileEncoding = 4; lastKnownFileType = text; path = SaveMapSerial.inl; sourceTree = "<group>"; };
		B52188311C3744C400E04587 /* LoadMapSerial.inl */ = {isa = PBXFileReference; fileEncoding = 4; lastKnownFileType = text; path = LoadMapSerial.inl; sourceTree = "<group>"; };
		B5A55AA51C2B8B7200E02C60 /* ControlPad.cpp */ = {isa = PBXFileReference; fileEncoding = 4; lastKnownFileType = sourcecode.cpp.cpp; path = ControlPad.cpp; sourceTree = "<group>"; };
		B5A55AA61C2B8B7200E02C60 /* ControlPad.h */ = {isa = PBXFileReference; fileEncoding = 4; lastKnownFileType = sourcecode.c.h; path = ControlPad.h; sourceTree = "<group>"; };
		B5A55AA91C2B8C6F00E02C60 /* MapSerialUtils.inl */ = {isa = PBXFileReference; fileEncoding = 4; lastKnownFileType = text; path = MapSerialUtils.inl; sourceTree = "<group>"; };
		BC3CE9C01C1B86B400738B33 /* Blocks.cpp */ = {isa = PBXFileReference; fileEncoding = 4; lastKnownFileType = sourcecode.cpp.cpp; path = Blocks.cpp; sourceTree = "<group>"; };
		BC3CE9C11C1B86B400738B33 /* Blocks.h */ = {isa = PBXFileReference; fileEncoding = 4; lastKnownFileType = sourcecode.c.h; path = Blocks.h; sourceTree = "<group>"; };
		BC3CE9C21C1B86B400738B33 /* Button.cpp */ = {isa = PBXFileReference; fileEncoding = 4; lastKnownFileType = sourcecode.cpp.cpp; path = Button.cpp; sourceTree = "<group>"; };
		BC3CE9C31C1B86B400738B33 /* Button.h */ = {isa = PBXFileReference; fileEncoding = 4; lastKnownFileType = sourcecode.c.h; path = Button.h; sourceTree = "<group>"; };
		BC3CE9C41C1B86B400738B33 /* Defines.h */ = {isa = PBXFileReference; fileEncoding = 4; lastKnownFileType = sourcecode.c.h; path = Defines.h; sourceTree = "<group>"; };
		BC3CE9C51C1B86B400738B33 /* DrawNodeEx.cpp */ = {isa = PBXFileReference; fileEncoding = 4; lastKnownFileType = sourcecode.cpp.cpp; path = DrawNodeEx.cpp; sourceTree = "<group>"; };
		BC3CE9C61C1B86B400738B33 /* DrawNodeEx.h */ = {isa = PBXFileReference; fileEncoding = 4; lastKnownFileType = sourcecode.c.h; path = DrawNodeEx.h; sourceTree = "<group>"; };
		BC3CE9C81C1B86B400738B33 /* EditorScene.h */ = {isa = PBXFileReference; fileEncoding = 4; lastKnownFileType = sourcecode.c.h; path = EditorScene.h; sourceTree = "<group>"; };
		BC3CE9CB1C1B86B400738B33 /* Events.cpp */ = {isa = PBXFileReference; fileEncoding = 4; lastKnownFileType = sourcecode.cpp.cpp; path = Events.cpp; sourceTree = "<group>"; };
		BC3CE9CC1C1B86B400738B33 /* Events.h */ = {isa = PBXFileReference; fileEncoding = 4; lastKnownFileType = sourcecode.c.h; path = Events.h; sourceTree = "<group>"; };
		BC3CE9CD1C1B86B400738B33 /* GameScene.cpp */ = {isa = PBXFileReference; fileEncoding = 4; lastKnownFileType = sourcecode.cpp.cpp; path = GameScene.cpp; sourceTree = "<group>"; };
		BC3CE9CE1C1B86B400738B33 /* GameScene.h */ = {isa = PBXFileReference; fileEncoding = 4; lastKnownFileType = sourcecode.c.h; path = GameScene.h; sourceTree = "<group>"; };
		BC3CE9CF1C1B86B400738B33 /* GameUtils.cpp */ = {isa = PBXFileReference; fileEncoding = 4; lastKnownFileType = sourcecode.cpp.cpp; path = GameUtils.cpp; sourceTree = "<group>"; };
		BC3CE9D01C1B86B400738B33 /* GameUtils.h */ = {isa = PBXFileReference; fileEncoding = 4; lastKnownFileType = sourcecode.c.h; path = GameUtils.h; sourceTree = "<group>"; };
		BC3CE9D11C1B86B400738B33 /* HttpHelper.cpp */ = {isa = PBXFileReference; fileEncoding = 4; lastKnownFileType = sourcecode.cpp.cpp; path = HttpHelper.cpp; sourceTree = "<group>"; };
		BC3CE9D21C1B86B400738B33 /* HttpHelper.h */ = {isa = PBXFileReference; fileEncoding = 4; lastKnownFileType = sourcecode.c.h; path = HttpHelper.h; sourceTree = "<group>"; };
		BC3CE9D51C1B86B400738B33 /* LevelScene.cpp */ = {isa = PBXFileReference; fileEncoding = 4; lastKnownFileType = sourcecode.cpp.cpp; path = LevelScene.cpp; sourceTree = "<group>"; };
		BC3CE9D61C1B86B400738B33 /* LevelScene.h */ = {isa = PBXFileReference; fileEncoding = 4; lastKnownFileType = sourcecode.c.h; path = LevelScene.h; sourceTree = "<group>"; };
		BC3CE9DB1C1B86B400738B33 /* LogicManager.cpp */ = {isa = PBXFileReference; fileEncoding = 4; lastKnownFileType = sourcecode.cpp.cpp; path = LogicManager.cpp; sourceTree = "<group>"; };
		BC3CE9DC1C1B86B400738B33 /* LogicManager.h */ = {isa = PBXFileReference; fileEncoding = 4; lastKnownFileType = sourcecode.c.h; path = LogicManager.h; sourceTree = "<group>"; };
		BC3CE9DD1C1B86B400738B33 /* MapSerial.cpp */ = {isa = PBXFileReference; fileEncoding = 4; lastKnownFileType = sourcecode.cpp.cpp; path = MapSerial.cpp; sourceTree = "<group>"; };
		BC3CE9DE1C1B86B400738B33 /* MapSerial.h */ = {isa = PBXFileReference; fileEncoding = 4; lastKnownFileType = sourcecode.c.h; path = MapSerial.h; sourceTree = "<group>"; };
		BC3CE9DF1C1B86B400738B33 /* Path.cpp */ = {isa = PBXFileReference; fileEncoding = 4; lastKnownFileType = sourcecode.cpp.cpp; path = Path.cpp; sourceTree = "<group>"; };
		BC3CE9E01C1B86B400738B33 /* Path.h */ = {isa = PBXFileReference; fileEncoding = 4; lastKnownFileType = sourcecode.c.h; path = Path.h; sourceTree = "<group>"; };
		BC3CE9E11C1B86B400738B33 /* PathLib.cpp */ = {isa = PBXFileReference; fileEncoding = 4; lastKnownFileType = sourcecode.cpp.cpp; path = PathLib.cpp; sourceTree = "<group>"; };
		BC3CE9E21C1B86B400738B33 /* PathLib.h */ = {isa = PBXFileReference; fileEncoding = 4; lastKnownFileType = sourcecode.c.h; path = PathLib.h; sourceTree = "<group>"; };
		BC3CE9E31C1B86B400738B33 /* PathLibOSX.mm */ = {isa = PBXFileReference; fileEncoding = 4; lastKnownFileType = sourcecode.cpp.objcpp; path = PathLibOSX.mm; sourceTree = "<group>"; };
		BC3CE9E51C1B86B400738B33 /* Rotator.cpp */ = {isa = PBXFileReference; fileEncoding = 4; lastKnownFileType = sourcecode.cpp.cpp; path = Rotator.cpp; sourceTree = "<group>"; };
		BC3CE9E61C1B86B400738B33 /* Rotator.h */ = {isa = PBXFileReference; fileEncoding = 4; lastKnownFileType = sourcecode.c.h; path = Rotator.h; sourceTree = "<group>"; };
		BC3CE9E91C1B86B400738B33 /* Shadows.cpp */ = {isa = PBXFileReference; fileEncoding = 4; lastKnownFileType = sourcecode.cpp.cpp; path = Shadows.cpp; sourceTree = "<group>"; };
		BC3CE9EA1C1B86B400738B33 /* Shadows.h */ = {isa = PBXFileReference; fileEncoding = 4; lastKnownFileType = sourcecode.c.h; path = Shadows.h; sourceTree = "<group>"; };
		BC3CE9EB1C1B86B400738B33 /* CameraShake.cpp */ = {isa = PBXFileReference; fileEncoding = 4; lastKnownFileType = sourcecode.cpp.cpp; path = CameraShake.cpp; sourceTree = "<group>"; };
		BC3CE9EC1C1B86B400738B33 /* CameraShake.h */ = {isa = PBXFileReference; fileEncoding = 4; lastKnownFileType = sourcecode.c.h; path = CameraShake.h; sourceTree = "<group>"; };
		BC3CE9EF1C1B86B400738B33 /* SpriteUV.cpp */ = {isa = PBXFileReference; fileEncoding = 4; lastKnownFileType = sourcecode.cpp.cpp; path = SpriteUV.cpp; sourceTree = "<group>"; };
		BC3CE9F01C1B86B400738B33 /* SpriteUV.h */ = {isa = PBXFileReference; fileEncoding = 4; lastKnownFileType = sourcecode.c.h; path = SpriteUV.h; sourceTree = "<group>"; };
		BC3CE9F11C1B86B400738B33 /* TimeEvent.cpp */ = {isa = PBXFileReference; fileEncoding = 4; lastKnownFileType = sourcecode.cpp.cpp; path = TimeEvent.cpp; sourceTree = "<group>"; };
		BC3CE9F21C1B86B400738B33 /* TimeEvent.h */ = {isa = PBXFileReference; fileEncoding = 4; lastKnownFileType = sourcecode.c.h; path = TimeEvent.h; sourceTree = "<group>"; };
		BC3CE9F31C1B86B400738B33 /* UIColorEditor.cpp */ = {isa = PBXFileReference; fileEncoding = 4; lastKnownFileType = sourcecode.cpp.cpp; path = UIColorEditor.cpp; sourceTree = "<group>"; };
		BC3CE9F41C1B86B400738B33 /* UIColorEditor.h */ = {isa = PBXFileReference; fileEncoding = 4; lastKnownFileType = sourcecode.c.h; path = UIColorEditor.h; sourceTree = "<group>"; };
		BC3CE9F51C1B86B400738B33 /* UILayer.cpp */ = {isa = PBXFileReference; fileEncoding = 4; lastKnownFileType = sourcecode.cpp.cpp; path = UILayer.cpp; sourceTree = "<group>"; };
		BC3CE9F61C1B86B400738B33 /* UILayer.h */ = {isa = PBXFileReference; fileEncoding = 4; lastKnownFileType = sourcecode.c.h; path = UILayer.h; sourceTree = "<group>"; };
		BC3CE9F71C1B86B400738B33 /* VisibleRect.cpp */ = {isa = PBXFileReference; fileEncoding = 4; lastKnownFileType = sourcecode.cpp.cpp; path = VisibleRect.cpp; sourceTree = "<group>"; };
		BC3CE9F81C1B86B400738B33 /* VisibleRect.h */ = {isa = PBXFileReference; fileEncoding = 4; lastKnownFileType = sourcecode.c.h; path = VisibleRect.h; sourceTree = "<group>"; };
		BC3CEA371C1B879100738B33 /* configs */ = {isa = PBXFileReference; lastKnownFileType = folder; path = configs; sourceTree = "<group>"; };
		BC3CEA381C1B879100738B33 /* extensions */ = {isa = PBXFileReference; lastKnownFileType = folder; path = extensions; sourceTree = "<group>"; };
		BC3CEA391C1B879100738B33 /* fonts */ = {isa = PBXFileReference; lastKnownFileType = folder; path = fonts; sourceTree = "<group>"; };
		BC3CEA3A1C1B879100738B33 /* fx */ = {isa = PBXFileReference; lastKnownFileType = folder; path = fx; sourceTree = "<group>"; };
		BC3CEA3B1C1B879100738B33 /* images */ = {isa = PBXFileReference; lastKnownFileType = folder; path = images; sourceTree = "<group>"; };
		BC3CEA3C1C1B879100738B33 /* maps */ = {isa = PBXFileReference; lastKnownFileType = folder; path = maps; sourceTree = "<group>"; };
		BC3CEA3D1C1B879100738B33 /* palette */ = {isa = PBXFileReference; lastKnownFileType = folder; path = palette; sourceTree = "<group>"; };
		BC3CEA3E1C1B879100738B33 /* shaders */ = {isa = PBXFileReference; lastKnownFileType = folder; path = shaders; sourceTree = "<group>"; };
		BC3CEA871C1CD47000738B33 /* rapidjson */ = {isa = PBXFileReference; lastKnownFileType = folder; path = rapidjson; sourceTree = "<group>"; };
		BC3CEA8E1C1F20F700738B33 /* Palette.cpp */ = {isa = PBXFileReference; fileEncoding = 4; lastKnownFileType = sourcecode.cpp.cpp; path = Palette.cpp; sourceTree = "<group>"; };
		BC3CEA8F1C1F20F700738B33 /* Palette.h */ = {isa = PBXFileReference; fileEncoding = 4; lastKnownFileType = sourcecode.c.h; path = Palette.h; sourceTree = "<group>"; };
		BC3CEA921C1F475F00738B33 /* Hero.cpp */ = {isa = PBXFileReference; fileEncoding = 4; lastKnownFileType = sourcecode.cpp.cpp; path = Hero.cpp; sourceTree = "<group>"; };
		BC3CEA931C1F475F00738B33 /* Hero.h */ = {isa = PBXFileReference; fileEncoding = 4; lastKnownFileType = sourcecode.c.h; path = Hero.h; sourceTree = "<group>"; };
		BC641FFA1C3C7F730018F96F /* ChooseWorldScene.cpp */ = {isa = PBXFileReference; fileEncoding = 4; lastKnownFileType = sourcecode.cpp.cpp; path = ChooseWorldScene.cpp; sourceTree = "<group>"; };
		BC641FFB1C3C7F730018F96F /* ChooseWorldScene.h */ = {isa = PBXFileReference; fileEncoding = 4; lastKnownFileType = sourcecode.c.h; path = ChooseWorldScene.h; sourceTree = "<group>"; };
		BC641FFE1C3C88BB0018F96F /* GameLayerContainer.cpp */ = {isa = PBXFileReference; fileEncoding = 4; lastKnownFileType = sourcecode.cpp.cpp; path = GameLayerContainer.cpp; sourceTree = "<group>"; };
		BC641FFF1C3C88BB0018F96F /* GameLayerContainer.h */ = {isa = PBXFileReference; fileEncoding = 4; lastKnownFileType = sourcecode.c.h; path = GameLayerContainer.h; sourceTree = "<group>"; };
		BC6423681C3F4FA20018F96F /* RectRenderer.cpp */ = {isa = PBXFileReference; fileEncoding = 4; lastKnownFileType = sourcecode.cpp.cpp; path = RectRenderer.cpp; sourceTree = "<group>"; };
		BC6423691C3F4FA20018F96F /* RectRenderer.h */ = {isa = PBXFileReference; fileEncoding = 4; lastKnownFileType = sourcecode.c.h; path = RectRenderer.h; sourceTree = "<group>"; };
		BC64236C1C3F4FB40018F96F /* DeathCircleRenderer.cpp */ = {isa = PBXFileReference; fileEncoding = 4; lastKnownFileType = sourcecode.cpp.cpp; path = DeathCircleRenderer.cpp; sourceTree = "<group>"; };
		BC64236D1C3F4FB40018F96F /* DeathCircleRenderer.h */ = {isa = PBXFileReference; fileEncoding = 4; lastKnownFileType = sourcecode.c.h; path = DeathCircleRenderer.h; sourceTree = "<group>"; };
		BC6423701C3F5D3B0018F96F /* EditorScene.cpp */ = {isa = PBXFileReference; fileEncoding = 4; lastKnownFileType = sourcecode.cpp.cpp; path = EditorScene.cpp; sourceTree = "<group>"; };
		BCB85EF41C45ED2C00CB8383 /* GameObject.cpp */ = {isa = PBXFileReference; fileEncoding = 4; lastKnownFileType = sourcecode.cpp.cpp; path = GameObject.cpp; sourceTree = "<group>"; };
		BCB85EF51C45ED2C00CB8383 /* GameObject.h */ = {isa = PBXFileReference; fileEncoding = 4; lastKnownFileType = sourcecode.c.h; path = GameObject.h; sourceTree = "<group>"; };
		BCB85EFC1C45EE6200CB8383 /* GameRenderer.cpp */ = {isa = PBXFileReference; fileEncoding = 4; lastKnownFileType = sourcecode.cpp.cpp; path = GameRenderer.cpp; sourceTree = "<group>"; };
		BCB85EFD1C45EE6200CB8383 /* GameRenderer.h */ = {isa = PBXFileReference; fileEncoding = 4; lastKnownFileType = sourcecode.c.h; path = GameRenderer.h; sourceTree = "<group>"; };
		BCB85F001C45EF0B00CB8383 /* Parameter.h */ = {isa = PBXFileReference; fileEncoding = 4; lastKnownFileType = sourcecode.c.h; path = Parameter.h; sourceTree = "<group>"; };
		BCB85F011C45F24900CB8383 /* GameTypes.h */ = {isa = PBXFileReference; lastKnownFileType = sourcecode.c.h; path = GameTypes.h; sourceTree = "<group>"; };
		BCB85F021C46ABE300CB8383 /* GameTypes.cpp */ = {isa = PBXFileReference; fileEncoding = 4; lastKnownFileType = sourcecode.cpp.cpp; path = GameTypes.cpp; sourceTree = "<group>"; };
		BCB85F051C46AE9500CB8383 /* ObjectManager.cpp */ = {isa = PBXFileReference; fileEncoding = 4; lastKnownFileType = sourcecode.cpp.cpp; path = ObjectManager.cpp; sourceTree = "<group>"; };
		BCB85F061C46AE9500CB8383 /* ObjectManager.h */ = {isa = PBXFileReference; fileEncoding = 4; lastKnownFileType = sourcecode.c.h; path = ObjectManager.h; sourceTree = "<group>"; };
		BCB85F091C46AF5F00CB8383 /* Singleton.h */ = {isa = PBXFileReference; fileEncoding = 4; lastKnownFileType = sourcecode.c.h; path = Singleton.h; sourceTree = "<group>"; };
		BCB85F0A1C46B35F00CB8383 /* SimpleRenderer.cpp */ = {isa = PBXFileReference; fileEncoding = 4; lastKnownFileType = sourcecode.cpp.cpp; path = SimpleRenderer.cpp; sourceTree = "<group>"; };
		BCB85F0B1C46B35F00CB8383 /* SimpleRenderer.h */ = {isa = PBXFileReference; fileEncoding = 4; lastKnownFileType = sourcecode.c.h; path = SimpleRenderer.h; sourceTree = "<group>"; };
		BCB862A01C4710F700CB8383 /* GameLevel.cpp */ = {isa = PBXFileReference; fileEncoding = 4; lastKnownFileType = sourcecode.cpp.cpp; path = GameLevel.cpp; sourceTree = "<group>"; };
		BCB862A11C4710F700CB8383 /* GameLevel.h */ = {isa = PBXFileReference; fileEncoding = 4; lastKnownFileType = sourcecode.c.h; path = GameLevel.h; sourceTree = "<group>"; };
		BCB862A81C47367B00CB8383 /* GameComponent.h */ = {isa = PBXFileReference; fileEncoding = 4; lastKnownFileType = sourcecode.c.h; path = GameComponent.h; sourceTree = "<group>"; };
		BCB862A91C47376400CB8383 /* PhysicsComponent.cpp */ = {isa = PBXFileReference; fileEncoding = 4; lastKnownFileType = sourcecode.cpp.cpp; path = PhysicsComponent.cpp; sourceTree = "<group>"; };
		BCB862AA1C47376400CB8383 /* PhysicsComponent.h */ = {isa = PBXFileReference; fileEncoding = 4; lastKnownFileType = sourcecode.c.h; path = PhysicsComponent.h; sourceTree = "<group>"; };
		BCB862AD1C4737B200CB8383 /* Prerequisites.h */ = {isa = PBXFileReference; fileEncoding = 4; lastKnownFileType = sourcecode.c.h; path = Prerequisites.h; sourceTree = "<group>"; };
		BCB862AE1C473E3500CB8383 /* PhysicsShape.cpp */ = {isa = PBXFileReference; fileEncoding = 4; lastKnownFileType = sourcecode.cpp.cpp; path = PhysicsShape.cpp; sourceTree = "<group>"; };
		BCB862AF1C473E3500CB8383 /* PhysicsShape.h */ = {isa = PBXFileReference; fileEncoding = 4; lastKnownFileType = sourcecode.c.h; path = PhysicsShape.h; sourceTree = "<group>"; };
		BCB862B21C482A9B00CB8383 /* PhysicsManager.cpp */ = {isa = PBXFileReference; fileEncoding = 4; lastKnownFileType = sourcecode.cpp.cpp; path = PhysicsManager.cpp; sourceTree = "<group>"; };
		BCB862B31C482A9B00CB8383 /* PhysicsManager.h */ = {isa = PBXFileReference; fileEncoding = 4; lastKnownFileType = sourcecode.c.h; path = PhysicsManager.h; sourceTree = "<group>"; };
		BCB862B61C4842BA00CB8383 /* ColorPalette.cpp */ = {isa = PBXFileReference; fileEncoding = 4; lastKnownFileType = sourcecode.cpp.cpp; path = ColorPalette.cpp; sourceTree = "<group>"; };
		BCB862B71C4842BA00CB8383 /* ColorPalette.h */ = {isa = PBXFileReference; fileEncoding = 4; lastKnownFileType = sourcecode.c.h; path = ColorPalette.h; sourceTree = "<group>"; };
		BCB862BA1C4843EC00CB8383 /* JsonParser.cpp */ = {isa = PBXFileReference; fileEncoding = 4; lastKnownFileType = sourcecode.cpp.cpp; path = JsonParser.cpp; sourceTree = "<group>"; };
		BCB862BB1C4843EC00CB8383 /* JsonParser.h */ = {isa = PBXFileReference; fileEncoding = 4; lastKnownFileType = sourcecode.c.h; path = JsonParser.h; sourceTree = "<group>"; };
		BCB866531C4957F900CB8383 /* EditorGameScene.cpp */ = {isa = PBXFileReference; fileEncoding = 4; lastKnownFileType = sourcecode.cpp.cpp; path = EditorGameScene.cpp; sourceTree = "<group>"; };
		BCB866541C4957F900CB8383 /* EditorGameScene.h */ = {isa = PBXFileReference; fileEncoding = 4; lastKnownFileType = sourcecode.c.h; path = EditorGameScene.h; sourceTree = "<group>"; };
		BCB8669C1C49A34700CB8383 /* BlockKindConfigs.cpp */ = {isa = PBXFileReference; fileEncoding = 4; lastKnownFileType = sourcecode.cpp.cpp; path = BlockKindConfigs.cpp; sourceTree = "<group>"; };
		BCB8669D1C49A34700CB8383 /* BlockKindConfigs.h */ = {isa = PBXFileReference; fileEncoding = 4; lastKnownFileType = sourcecode.c.h; path = BlockKindConfigs.h; sourceTree = "<group>"; };
		BCB866A01C49A78F00CB8383 /* JsonFormat.h */ = {isa = PBXFileReference; fileEncoding = 4; lastKnownFileType = sourcecode.c.h; path = JsonFormat.h; sourceTree = "<group>"; };
		BCB866A11C49D30900CB8383 /* DeathRenderer.cpp */ = {isa = PBXFileReference; fileEncoding = 4; lastKnownFileType = sourcecode.cpp.cpp; path = DeathRenderer.cpp; sourceTree = "<group>"; };
		BCB866A21C49D30900CB8383 /* DeathRenderer.h */ = {isa = PBXFileReference; fileEncoding = 4; lastKnownFileType = sourcecode.c.h; path = DeathRenderer.h; sourceTree = "<group>"; };
		BCB866A51C49D8EE00CB8383 /* DeathRotatorRenderer.cpp */ = {isa = PBXFileReference; fileEncoding = 4; lastKnownFileType = sourcecode.cpp.cpp; path = DeathRotatorRenderer.cpp; sourceTree = "<group>"; };
		BCB866A61C49D8EE00CB8383 /* DeathRotatorRenderer.h */ = {isa = PBXFileReference; fileEncoding = 4; lastKnownFileType = sourcecode.c.h; path = DeathRotatorRenderer.h; sourceTree = "<group>"; };
		BCB866A91C4D495C00CB8383 /* GameEvents.cpp */ = {isa = PBXFileReference; fileEncoding = 4; lastKnownFileType = sourcecode.cpp.cpp; path = GameEvents.cpp; sourceTree = "<group>"; };
		BCB866AA1C4D495C00CB8383 /* GameEvents.h */ = {isa = PBXFileReference; fileEncoding = 4; lastKnownFileType = sourcecode.c.h; path = GameEvents.h; sourceTree = "<group>"; };
		BCB866AD1C4D818500CB8383 /* InputComponent.cpp */ = {isa = PBXFileReference; fileEncoding = 4; lastKnownFileType = sourcecode.cpp.cpp; path = InputComponent.cpp; sourceTree = "<group>"; };
		BCB866AE1C4D818500CB8383 /* InputComponent.h */ = {isa = PBXFileReference; fileEncoding = 4; lastKnownFileType = sourcecode.c.h; path = InputComponent.h; sourceTree = "<group>"; };
		BCDFFFF91C32ECED006E8A59 /* BlockRenderer.cpp */ = {isa = PBXFileReference; fileEncoding = 4; lastKnownFileType = sourcecode.cpp.cpp; path = BlockRenderer.cpp; sourceTree = "<group>"; };
		BCDFFFFA1C32ECED006E8A59 /* BlockRenderer.h */ = {isa = PBXFileReference; fileEncoding = 4; lastKnownFileType = sourcecode.c.h; path = BlockRenderer.h; sourceTree = "<group>"; };
		BCDFFFFD1C32F062006E8A59 /* Any.h */ = {isa = PBXFileReference; fileEncoding = 4; lastKnownFileType = sourcecode.c.h; path = Any.h; sourceTree = "<group>"; };
		BF170DB012928DE900B8313A /* OpenGLES.framework */ = {isa = PBXFileReference; lastKnownFileType = wrapper.framework; name = OpenGLES.framework; path = System/Library/Frameworks/OpenGLES.framework; sourceTree = SDKROOT; };
		BF170DB412928DE900B8313A /* libz.dylib */ = {isa = PBXFileReference; lastKnownFileType = "compiled.mach-o.dylib"; name = libz.dylib; path = usr/lib/libz.dylib; sourceTree = SDKROOT; };
		BF1C47EA1293683800B63C5D /* QuartzCore.framework */ = {isa = PBXFileReference; lastKnownFileType = wrapper.framework; name = QuartzCore.framework; path = System/Library/Frameworks/QuartzCore.framework; sourceTree = SDKROOT; };
		D44C620B132DFF330009C878 /* OpenAL.framework */ = {isa = PBXFileReference; lastKnownFileType = wrapper.framework; name = OpenAL.framework; path = System/Library/Frameworks/OpenAL.framework; sourceTree = SDKROOT; };
		D44C620D132DFF430009C878 /* AVFoundation.framework */ = {isa = PBXFileReference; lastKnownFileType = wrapper.framework; name = AVFoundation.framework; path = System/Library/Frameworks/AVFoundation.framework; sourceTree = SDKROOT; };
		D44C620F132DFF4E0009C878 /* AudioToolbox.framework */ = {isa = PBXFileReference; lastKnownFileType = wrapper.framework; name = AudioToolbox.framework; path = System/Library/Frameworks/AudioToolbox.framework; sourceTree = SDKROOT; };
		D6B0611A1803AB670077942B /* CoreMotion.framework */ = {isa = PBXFileReference; lastKnownFileType = wrapper.framework; name = CoreMotion.framework; path = Platforms/iPhoneOS.platform/Developer/SDKs/iPhoneOS7.0.sdk/System/Library/Frameworks/CoreMotion.framework; sourceTree = DEVELOPER_DIR; };
		ED545A7B1B68A1F400C3958E /* libiconv.dylib */ = {isa = PBXFileReference; lastKnownFileType = "compiled.mach-o.dylib"; name = libiconv.dylib; path = Platforms/iPhoneOS.platform/Developer/SDKs/iPhoneOS8.4.sdk/usr/lib/libiconv.dylib; sourceTree = DEVELOPER_DIR; };
		ED545A7D1B68A1FA00C3958E /* libiconv.dylib */ = {isa = PBXFileReference; lastKnownFileType = "compiled.mach-o.dylib"; name = libiconv.dylib; path = usr/lib/libiconv.dylib; sourceTree = SDKROOT; };
/* End PBXFileReference section */

/* Begin PBXFrameworksBuildPhase section */
		1D60588F0D05DD3D006BFB54 /* Frameworks */ = {
			isa = PBXFrameworksBuildPhase;
			buildActionMask = 2147483647;
			files = (
				ED545A7C1B68A1F400C3958E /* libiconv.dylib in Frameworks */,
				52B47A471A53D09C004E4C60 /* Security.framework in Frameworks */,
				1AC6FB30180E99EB004C840B /* libcocos2d iOS.a in Frameworks */,
				D6B0611B1803AB670077942B /* CoreMotion.framework in Frameworks */,
				1D60589F0D05DD5A006BFB54 /* Foundation.framework in Frameworks */,
				1DF5F4E00D08C38300B7A737 /* UIKit.framework in Frameworks */,
				288765A50DF7441C002DB57D /* CoreGraphics.framework in Frameworks */,
				BF171245129291EC00B8313A /* OpenGLES.framework in Frameworks */,
				BF1712471292920000B8313A /* libz.dylib in Frameworks */,
				BF1C47F01293687400B63C5D /* QuartzCore.framework in Frameworks */,
				D44C620C132DFF330009C878 /* OpenAL.framework in Frameworks */,
				D44C620E132DFF430009C878 /* AVFoundation.framework in Frameworks */,
				D44C6210132DFF4E0009C878 /* AudioToolbox.framework in Frameworks */,
			);
			runOnlyForDeploymentPostprocessing = 0;
		};
		5087E75C17EB910900C73F5D /* Frameworks */ = {
			isa = PBXFrameworksBuildPhase;
			buildActionMask = 2147483647;
			files = (
				ED545A7E1B68A1FA00C3958E /* libiconv.dylib in Frameworks */,
				1AC6FB21180E996B004C840B /* libcocos2d Mac.a in Frameworks */,
				5087E76717EB910900C73F5D /* libz.dylib in Frameworks */,
				8262943E1AAF051F00CB7CF7 /* Security.framework in Frameworks */,
				503AE11B17EB9C5A00D1A890 /* IOKit.framework in Frameworks */,
				5087E78B17EB975400C73F5D /* OpenGL.framework in Frameworks */,
				5087E78917EB974C00C73F5D /* AppKit.framework in Frameworks */,
				5087E76317EB910900C73F5D /* Foundation.framework in Frameworks */,
				5087E76817EB910900C73F5D /* QuartzCore.framework in Frameworks */,
				5087E76917EB910900C73F5D /* OpenAL.framework in Frameworks */,
				5087E76A17EB910900C73F5D /* AVFoundation.framework in Frameworks */,
				5087E76B17EB910900C73F5D /* AudioToolbox.framework in Frameworks */,
			);
			runOnlyForDeploymentPostprocessing = 0;
		};
/* End PBXFrameworksBuildPhase section */

/* Begin PBXGroup section */
		080E96DDFE201D6D7F000001 /* ios */ = {
			isa = PBXGroup;
			children = (
				5087E77117EB970100C73F5D /* Icons */,
				503AE0FA17EB989F00D1A890 /* AppController.h */,
				503AE0FB17EB989F00D1A890 /* AppController.mm */,
				503AE0FC17EB989F00D1A890 /* main.m */,
				503AE0FD17EB989F00D1A890 /* Prefix.pch */,
				503AE0FE17EB989F00D1A890 /* RootViewController.h */,
				503AE0FF17EB989F00D1A890 /* RootViewController.mm */,
			);
			name = ios;
			path = Classes;
			sourceTree = "<group>";
		};
		19C28FACFE9D520D11CA2CBB /* Products */ = {
			isa = PBXGroup;
			children = (
				1D6058910D05DD3D006BFB54 /* jumpproj-mobile.app */,
				5087E76F17EB910900C73F5D /* jumpproj-desktop.app */,
			);
			name = Products;
			sourceTree = "<group>";
		};
		1AC6FAE6180E9839004C840B /* Products */ = {
			isa = PBXGroup;
			children = (
				1AC6FAF9180E9839004C840B /* libcocos2d Mac.a */,
				1AC6FB07180E9839004C840B /* libcocos2d iOS.a */,
			);
			name = Products;
			sourceTree = "<group>";
		};
		29B97314FDCFA39411CA2CEA /* CustomTemplate */ = {
			isa = PBXGroup;
			children = (
				46880B8319C43A87006E1F66 /* Classes */,
				46880B7519C43A67006E1F66 /* Resources */,
				1AC6FAE5180E9839004C840B /* cocos2d_libs.xcodeproj */,
				29B97323FDCFA39411CA2CEA /* Frameworks */,
				080E96DDFE201D6D7F000001 /* ios */,
				503AE10617EB990700D1A890 /* mac */,
				19C28FACFE9D520D11CA2CBB /* Products */,
			);
			name = CustomTemplate;
			sourceTree = "<group>";
		};
		29B97323FDCFA39411CA2CEA /* Frameworks */ = {
			isa = PBXGroup;
			children = (
				ED545A7D1B68A1FA00C3958E /* libiconv.dylib */,
				ED545A7B1B68A1F400C3958E /* libiconv.dylib */,
				8262943D1AAF051F00CB7CF7 /* Security.framework */,
				52B47A461A53D09B004E4C60 /* Security.framework */,
				D6B0611A1803AB670077942B /* CoreMotion.framework */,
				503AE11A17EB9C5A00D1A890 /* IOKit.framework */,
				503AE11117EB99EE00D1A890 /* libcurl.dylib */,
				5087E78A17EB975400C73F5D /* OpenGL.framework */,
				5087E78817EB974C00C73F5D /* AppKit.framework */,
				1ACB3243164770DE00914215 /* libcurl.a */,
				BF170DB412928DE900B8313A /* libz.dylib */,
				D44C620F132DFF4E0009C878 /* AudioToolbox.framework */,
				D44C620D132DFF430009C878 /* AVFoundation.framework */,
				288765A40DF7441C002DB57D /* CoreGraphics.framework */,
				1D30AB110D05D00D00671497 /* Foundation.framework */,
				D44C620B132DFF330009C878 /* OpenAL.framework */,
				BF170DB012928DE900B8313A /* OpenGLES.framework */,
				BF1C47EA1293683800B63C5D /* QuartzCore.framework */,
				1DF5F4DF0D08C38300B7A737 /* UIKit.framework */,
			);
			name = Frameworks;
			sourceTree = "<group>";
		};
		46880B7519C43A67006E1F66 /* Resources */ = {
			isa = PBXGroup;
			children = (
				BC3CEA371C1B879100738B33 /* configs */,
				BC3CEA381C1B879100738B33 /* extensions */,
				BC3CEA391C1B879100738B33 /* fonts */,
				BC3CEA3A1C1B879100738B33 /* fx */,
				BC3CEA3B1C1B879100738B33 /* images */,
				BC3CEA3C1C1B879100738B33 /* maps */,
				BC3CEA3D1C1B879100738B33 /* palette */,
				BC3CEA3E1C1B879100738B33 /* shaders */,
			);
			name = Resources;
			path = ../Resources;
			sourceTree = "<group>";
		};
		46880B8319C43A87006E1F66 /* Classes */ = {
			isa = PBXGroup;
			children = (
				BCB85EF31C45EB2F00CB8383 /* Refactor */,
				BC3CEA871C1CD47000738B33 /* rapidjson */,
				BCB85EEF1C45BA6300CB8383 /* Utilities */,
				BCB85EEE1C45BA3900CB8383 /* Serialization */,
				BCB85EF11C45BB3C00CB8383 /* Graphics */,
				BCB85EF21C45BB8000CB8383 /* GUI */,
				BC3CE9C31C1B86B400738B33 /* Button.h */,
				BC3CE9C21C1B86B400738B33 /* Button.cpp */,
				BC3CE9C11C1B86B400738B33 /* Blocks.h */,
				BC3CE9C01C1B86B400738B33 /* Blocks.cpp */,
				BC3CE9C41C1B86B400738B33 /* Defines.h */,
				BC3CE9C81C1B86B400738B33 /* EditorScene.h */,
				BC6423701C3F5D3B0018F96F /* EditorScene.cpp */,
				BC3CE9CB1C1B86B400738B33 /* Events.cpp */,
				BC3CE9CC1C1B86B400738B33 /* Events.h */,
				BC3CE9CD1C1B86B400738B33 /* GameScene.cpp */,
				BC3CE9CE1C1B86B400738B33 /* GameScene.h */,
				BC3CE9DB1C1B86B400738B33 /* LogicManager.cpp */,
				BC3CE9DC1C1B86B400738B33 /* LogicManager.h */,
				BC3CE9DF1C1B86B400738B33 /* Path.cpp */,
				BC3CE9E01C1B86B400738B33 /* Path.h */,
				BC3CE9E51C1B86B400738B33 /* Rotator.cpp */,
				BC3CE9E61C1B86B400738B33 /* Rotator.h */,
				BC3CE9E91C1B86B400738B33 /* Shadows.cpp */,
				BC3CE9EA1C1B86B400738B33 /* Shadows.h */,
				BC3CE9F11C1B86B400738B33 /* TimeEvent.cpp */,
				BC3CE9F21C1B86B400738B33 /* TimeEvent.h */,
				46880B8419C43A87006E1F66 /* AppDelegate.cpp */,
				46880B8519C43A87006E1F66 /* AppDelegate.h */,
				BC3CEA8E1C1F20F700738B33 /* Palette.cpp */,
				BC3CEA8F1C1F20F700738B33 /* Palette.h */,
				BC3CEA921C1F475F00738B33 /* Hero.cpp */,
				BC3CEA931C1F475F00738B33 /* Hero.h */,
				B5A55AA51C2B8B7200E02C60 /* ControlPad.cpp */,
				B5A55AA61C2B8B7200E02C60 /* ControlPad.h */,
				BCDFFFF91C32ECED006E8A59 /* BlockRenderer.cpp */,
				BCDFFFFA1C32ECED006E8A59 /* BlockRenderer.h */,
				B52188211C34F08300E04587 /* SceneSprite.cpp */,
				B52188221C34F08300E04587 /* SceneSprite.h */,
				BC641FFE1C3C88BB0018F96F /* GameLayerContainer.cpp */,
				BC641FFF1C3C88BB0018F96F /* GameLayerContainer.h */,
				BC6423681C3F4FA20018F96F /* RectRenderer.cpp */,
				BC6423691C3F4FA20018F96F /* RectRenderer.h */,
				BC64236C1C3F4FB40018F96F /* DeathCircleRenderer.cpp */,
				BC64236D1C3F4FB40018F96F /* DeathCircleRenderer.h */,
			);
			name = Classes;
			path = ../Classes;
			sourceTree = "<group>";
		};
		503AE0F517EB97AB00D1A890 /* Icons */ = {
			isa = PBXGroup;
			children = (
				503AE0F617EB97AB00D1A890 /* Icon.icns */,
				503AE0F717EB97AB00D1A890 /* Info.plist */,
			);
			name = Icons;
			path = mac;
			sourceTree = SOURCE_ROOT;
		};
		503AE10617EB990700D1A890 /* mac */ = {
			isa = PBXGroup;
			children = (
				503AE0F517EB97AB00D1A890 /* Icons */,
				503AE10317EB98FF00D1A890 /* main.cpp */,
				503AE10417EB98FF00D1A890 /* Prefix.pch */,
			);
			name = mac;
			sourceTree = "<group>";
		};
		5087E77117EB970100C73F5D /* Icons */ = {
			isa = PBXGroup;
			children = (
				521A8E6219F0C34300D177D7 /* Default-667h@2x.png */,
				521A8E6319F0C34300D177D7 /* Default-736h@3x.png */,
				5087E77217EB970100C73F5D /* Default-568h@2x.png */,
				5087E77317EB970100C73F5D /* Default.png */,
				5087E77417EB970100C73F5D /* Default@2x.png */,
				50EF62A017ECD613001EB2F8 /* Icon-29.png */,
				50EF62A117ECD613001EB2F8 /* Icon-50.png */,
				50EF629217ECD46A001EB2F8 /* Icon-40.png */,
				50EF629317ECD46A001EB2F8 /* Icon-58.png */,
				50EF629417ECD46A001EB2F8 /* Icon-80.png */,
				50EF629517ECD46A001EB2F8 /* Icon-100.png */,
				5087E77517EB970100C73F5D /* Icon-114.png */,
				5087E77617EB970100C73F5D /* Icon-120.png */,
				5087E77717EB970100C73F5D /* Icon-144.png */,
				5087E77817EB970100C73F5D /* Icon-152.png */,
				5087E77917EB970100C73F5D /* Icon-57.png */,
				5087E77A17EB970100C73F5D /* Icon-72.png */,
				5087E77B17EB970100C73F5D /* Icon-76.png */,
				5087E77C17EB970100C73F5D /* Info.plist */,
			);
			name = Icons;
			path = ios;
			sourceTree = SOURCE_ROOT;
		};
		BCB85EEE1C45BA3900CB8383 /* Serialization */ = {
			isa = PBXGroup;
			children = (
				BC3CE9DD1C1B86B400738B33 /* MapSerial.cpp */,
				BC3CE9DE1C1B86B400738B33 /* MapSerial.h */,
				B5A55AA91C2B8C6F00E02C60 /* MapSerialUtils.inl */,
				B52188251C34F37400E04587 /* SceneSpriteSerial.inl */,
				B52188281C37439600E04587 /* PaletteSerial.inl */,
				B521882B1C37442600E04587 /* ControlConfigSerial.inl */,
				B521882E1C37447900E04587 /* SaveMapSerial.inl */,
				B52188311C3744C400E04587 /* LoadMapSerial.inl */,
			);
			name = Serialization;
			sourceTree = "<group>";
		};
		BCB85EEF1C45BA6300CB8383 /* Utilities */ = {
			isa = PBXGroup;
			children = (
				BCDFFFFD1C32F062006E8A59 /* Any.h */,
				BC3CE9CF1C1B86B400738B33 /* GameUtils.cpp */,
				BC3CE9D01C1B86B400738B33 /* GameUtils.h */,
				BC3CE9E11C1B86B400738B33 /* PathLib.cpp */,
				BC3CE9E21C1B86B400738B33 /* PathLib.h */,
				BC3CE9E31C1B86B400738B33 /* PathLibOSX.mm */,
				BC3CE9F71C1B86B400738B33 /* VisibleRect.cpp */,
				BC3CE9F81C1B86B400738B33 /* VisibleRect.h */,
				BC3CE9D11C1B86B400738B33 /* HttpHelper.cpp */,
				BC3CE9D21C1B86B400738B33 /* HttpHelper.h */,
			);
			name = Utilities;
			sourceTree = "<group>";
		};
		BCB85EF11C45BB3C00CB8383 /* Graphics */ = {
			isa = PBXGroup;
			children = (
				BC3CE9C51C1B86B400738B33 /* DrawNodeEx.cpp */,
				BC3CE9C61C1B86B400738B33 /* DrawNodeEx.h */,
				BC3CE9EB1C1B86B400738B33 /* CameraShake.cpp */,
				BC3CE9EC1C1B86B400738B33 /* CameraShake.h */,
				BC3CE9EF1C1B86B400738B33 /* SpriteUV.cpp */,
				BC3CE9F01C1B86B400738B33 /* SpriteUV.h */,
			);
			name = Graphics;
			sourceTree = "<group>";
		};
		BCB85EF21C45BB8000CB8383 /* GUI */ = {
			isa = PBXGroup;
			children = (
				BC3CE9D51C1B86B400738B33 /* LevelScene.cpp */,
				BC3CE9D61C1B86B400738B33 /* LevelScene.h */,
				BC3CE9F31C1B86B400738B33 /* UIColorEditor.cpp */,
				BC3CE9F41C1B86B400738B33 /* UIColorEditor.h */,
				BC3CE9F51C1B86B400738B33 /* UILayer.cpp */,
				BC3CE9F61C1B86B400738B33 /* UILayer.h */,
				BC641FFA1C3C7F730018F96F /* ChooseWorldScene.cpp */,
				BC641FFB1C3C7F730018F96F /* ChooseWorldScene.h */,
			);
			name = GUI;
			sourceTree = "<group>";
		};
		BCB85EF31C45EB2F00CB8383 /* Refactor */ = {
			isa = PBXGroup;
			children = (
				BCB85EF41C45ED2C00CB8383 /* GameObject.cpp */,
				BCB85EF51C45ED2C00CB8383 /* GameObject.h */,
				BCB85EFC1C45EE6200CB8383 /* GameRenderer.cpp */,
				BCB85EFD1C45EE6200CB8383 /* GameRenderer.h */,
				BCB85F001C45EF0B00CB8383 /* Parameter.h */,
				BCB85F011C45F24900CB8383 /* GameTypes.h */,
				BCB85F021C46ABE300CB8383 /* GameTypes.cpp */,
				BCB85F051C46AE9500CB8383 /* ObjectManager.cpp */,
				BCB85F061C46AE9500CB8383 /* ObjectManager.h */,
				BCB85F091C46AF5F00CB8383 /* Singleton.h */,
				BCB85F0A1C46B35F00CB8383 /* SimpleRenderer.cpp */,
				BCB85F0B1C46B35F00CB8383 /* SimpleRenderer.h */,
				BCB862A01C4710F700CB8383 /* GameLevel.cpp */,
				BCB862A11C4710F700CB8383 /* GameLevel.h */,
				BCB862A81C47367B00CB8383 /* GameComponent.h */,
				BCB862AD1C4737B200CB8383 /* Prerequisites.h */,
				BCB862A91C47376400CB8383 /* PhysicsComponent.cpp */,
				BCB862AA1C47376400CB8383 /* PhysicsComponent.h */,
				BCB862AE1C473E3500CB8383 /* PhysicsShape.cpp */,
				BCB862AF1C473E3500CB8383 /* PhysicsShape.h */,
				BCB862B21C482A9B00CB8383 /* PhysicsManager.cpp */,
				BCB862B31C482A9B00CB8383 /* PhysicsManager.h */,
				BCB862B61C4842BA00CB8383 /* ColorPalette.cpp */,
				BCB862B71C4842BA00CB8383 /* ColorPalette.h */,
				BCB862BA1C4843EC00CB8383 /* JsonParser.cpp */,
				BCB862BB1C4843EC00CB8383 /* JsonParser.h */,
				BCB866531C4957F900CB8383 /* EditorGameScene.cpp */,
				BCB866541C4957F900CB8383 /* EditorGameScene.h */,
				BCB8669C1C49A34700CB8383 /* BlockKindConfigs.cpp */,
				BCB8669D1C49A34700CB8383 /* BlockKindConfigs.h */,
				BCB866A01C49A78F00CB8383 /* JsonFormat.h */,
				BCB866A11C49D30900CB8383 /* DeathRenderer.cpp */,
				BCB866A21C49D30900CB8383 /* DeathRenderer.h */,
				BCB866A51C49D8EE00CB8383 /* DeathRotatorRenderer.cpp */,
				BCB866A61C49D8EE00CB8383 /* DeathRotatorRenderer.h */,
				BCB866A91C4D495C00CB8383 /* GameEvents.cpp */,
				BCB866AA1C4D495C00CB8383 /* GameEvents.h */,
				BCB866AD1C4D818500CB8383 /* InputComponent.cpp */,
				BCB866AE1C4D818500CB8383 /* InputComponent.h */,
			);
			name = Refactor;
			sourceTree = "<group>";
		};
/* End PBXGroup section */

/* Begin PBXNativeTarget section */
		1D6058900D05DD3D006BFB54 /* jumpproj-mobile */ = {
			isa = PBXNativeTarget;
			buildConfigurationList = 1D6058960D05DD3E006BFB54 /* Build configuration list for PBXNativeTarget "jumpproj-mobile" */;
			buildPhases = (
				1D60588D0D05DD3D006BFB54 /* Resources */,
				1D60588E0D05DD3D006BFB54 /* Sources */,
				1D60588F0D05DD3D006BFB54 /* Frameworks */,
			);
			buildRules = (
			);
			dependencies = (
				1AC6FB25180E99E1004C840B /* PBXTargetDependency */,
			);
			name = "jumpproj-mobile";
			productName = iphone;
			productReference = 1D6058910D05DD3D006BFB54 /* jumpproj-mobile.app */;
			productType = "com.apple.product-type.application";
		};
		5087E73D17EB910900C73F5D /* jumpproj-desktop */ = {
			isa = PBXNativeTarget;
			buildConfigurationList = 5087E76C17EB910900C73F5D /* Build configuration list for PBXNativeTarget "jumpproj-desktop" */;
			buildPhases = (
				5087E74817EB910900C73F5D /* Resources */,
				5087E75617EB910900C73F5D /* Sources */,
				5087E75C17EB910900C73F5D /* Frameworks */,
			);
			buildRules = (
			);
			dependencies = (
				1AC6FB16180E9959004C840B /* PBXTargetDependency */,
			);
			name = "jumpproj-desktop";
			productName = iphone;
			productReference = 5087E76F17EB910900C73F5D /* jumpproj-desktop.app */;
			productType = "com.apple.product-type.application";
		};
/* End PBXNativeTarget section */

/* Begin PBXProject section */
		29B97313FDCFA39411CA2CEA /* Project object */ = {
			isa = PBXProject;
			attributes = {
				LastUpgradeCheck = 0710;
				TargetAttributes = {
					1D6058900D05DD3D006BFB54 = {
						DevelopmentTeam = EQHXZ8M8AV;
					};
				};
			};
			buildConfigurationList = C01FCF4E08A954540054247B /* Build configuration list for PBXProject "jumpproj" */;
			compatibilityVersion = "Xcode 3.2";
			developmentRegion = English;
			hasScannedForEncodings = 1;
			knownRegions = (
				English,
				Japanese,
				French,
				German,
			);
			mainGroup = 29B97314FDCFA39411CA2CEA /* CustomTemplate */;
			projectDirPath = "";
			projectReferences = (
				{
					ProductGroup = 1AC6FAE6180E9839004C840B /* Products */;
					ProjectRef = 1AC6FAE5180E9839004C840B /* cocos2d_libs.xcodeproj */;
				},
			);
			projectRoot = "";
			targets = (
				1D6058900D05DD3D006BFB54 /* jumpproj-mobile */,
				5087E73D17EB910900C73F5D /* jumpproj-desktop */,
			);
		};
/* End PBXProject section */

/* Begin PBXReferenceProxy section */
		1AC6FAF9180E9839004C840B /* libcocos2d Mac.a */ = {
			isa = PBXReferenceProxy;
			fileType = archive.ar;
			path = "libcocos2d Mac.a";
			remoteRef = 1AC6FAF8180E9839004C840B /* PBXContainerItemProxy */;
			sourceTree = BUILT_PRODUCTS_DIR;
		};
		1AC6FB07180E9839004C840B /* libcocos2d iOS.a */ = {
			isa = PBXReferenceProxy;
			fileType = archive.ar;
			path = "libcocos2d iOS.a";
			remoteRef = 1AC6FB06180E9839004C840B /* PBXContainerItemProxy */;
			sourceTree = BUILT_PRODUCTS_DIR;
		};
/* End PBXReferenceProxy section */

/* Begin PBXResourcesBuildPhase section */
		1D60588D0D05DD3D006BFB54 /* Resources */ = {
			isa = PBXResourcesBuildPhase;
			buildActionMask = 2147483647;
			files = (
				B52188321C3744C400E04587 /* LoadMapSerial.inl in Resources */,
				BC3CEA3F1C1B879100738B33 /* configs in Resources */,
				BC3CEA881C1CD47000738B33 /* rapidjson in Resources */,
				5087E78117EB970100C73F5D /* Icon-120.png in Resources */,
				5087E78617EB970100C73F5D /* Icon-76.png in Resources */,
				BC3CEA491C1B879100738B33 /* maps in Resources */,
				5087E77F17EB970100C73F5D /* Default@2x.png in Resources */,
				50EF629917ECD46A001EB2F8 /* Icon-100.png in Resources */,
				5087E78317EB970100C73F5D /* Icon-152.png in Resources */,
				5087E77D17EB970100C73F5D /* Default-568h@2x.png in Resources */,
				5087E78517EB970100C73F5D /* Icon-72.png in Resources */,
				BC3CEA411C1B879100738B33 /* extensions in Resources */,
				B521882C1C37442600E04587 /* ControlConfigSerial.inl in Resources */,
				521A8E6519F0C34300D177D7 /* Default-736h@3x.png in Resources */,
				50EF62A317ECD613001EB2F8 /* Icon-50.png in Resources */,
				BC3CEA431C1B879100738B33 /* fonts in Resources */,
				BC3CEA471C1B879100738B33 /* images in Resources */,
				B52188261C34F37400E04587 /* SceneSpriteSerial.inl in Resources */,
				5087E78017EB970100C73F5D /* Icon-114.png in Resources */,
				50EF62A217ECD613001EB2F8 /* Icon-29.png in Resources */,
				50EF629617ECD46A001EB2F8 /* Icon-40.png in Resources */,
				5087E78217EB970100C73F5D /* Icon-144.png in Resources */,
				B52188291C37439600E04587 /* PaletteSerial.inl in Resources */,
				B521882F1C37447900E04587 /* SaveMapSerial.inl in Resources */,
				50EF629817ECD46A001EB2F8 /* Icon-80.png in Resources */,
				BC3CEA451C1B879100738B33 /* fx in Resources */,
				5087E78417EB970100C73F5D /* Icon-57.png in Resources */,
				5087E77E17EB970100C73F5D /* Default.png in Resources */,
				521A8E6419F0C34300D177D7 /* Default-667h@2x.png in Resources */,
				BC3CEA4D1C1B879100738B33 /* shaders in Resources */,
				BC3CEA4B1C1B879100738B33 /* palette in Resources */,
				50EF629717ECD46A001EB2F8 /* Icon-58.png in Resources */,
			);
			runOnlyForDeploymentPostprocessing = 0;
		};
		5087E74817EB910900C73F5D /* Resources */ = {
			isa = PBXResourcesBuildPhase;
			buildActionMask = 2147483647;
			files = (
				BC3CEA4C1C1B879100738B33 /* palette in Resources */,
				BC3CEA891C1CD47000738B33 /* rapidjson in Resources */,
				B521882D1C37442600E04587 /* ControlConfigSerial.inl in Resources */,
				BC3CEA401C1B879100738B33 /* configs in Resources */,
				B52188271C34F37400E04587 /* SceneSpriteSerial.inl in Resources */,
				BC3CEA441C1B879100738B33 /* fonts in Resources */,
				BC3CEA4E1C1B879100738B33 /* shaders in Resources */,
				503AE0F817EB97AB00D1A890 /* Icon.icns in Resources */,
				BC3CEA421C1B879100738B33 /* extensions in Resources */,
				BC3CEA461C1B879100738B33 /* fx in Resources */,
				B52188331C3744C400E04587 /* LoadMapSerial.inl in Resources */,
				B521882A1C37439600E04587 /* PaletteSerial.inl in Resources */,
				BC3CEA4A1C1B879100738B33 /* maps in Resources */,
				BC3CEA481C1B879100738B33 /* images in Resources */,
				B52188301C37447900E04587 /* SaveMapSerial.inl in Resources */,
			);
			runOnlyForDeploymentPostprocessing = 0;
		};
/* End PBXResourcesBuildPhase section */

/* Begin PBXSourcesBuildPhase section */
		1D60588E0D05DD3D006BFB54 /* Sources */ = {
			isa = PBXSourcesBuildPhase;
			buildActionMask = 2147483647;
			files = (
				BC3CEA2F1C1B86B400738B33 /* UIColorEditor.cpp in Sources */,
				B52188231C34F08300E04587 /* SceneSprite.cpp in Sources */,
				46880B8819C43A87006E1F66 /* AppDelegate.cpp in Sources */,
				BCB866551C4957F900CB8383 /* EditorGameScene.cpp in Sources */,
				BCB85F031C46ABE300CB8383 /* GameTypes.cpp in Sources */,
				BCB85F071C46AE9500CB8383 /* ObjectManager.cpp in Sources */,
				B5A55AA71C2B8B7200E02C60 /* ControlPad.cpp in Sources */,
				BC3CEA1D1C1B86B400738B33 /* PathLibOSX.mm in Sources */,
				BC3CEA091C1B86B400738B33 /* GameUtils.cpp in Sources */,
				503AE10017EB989F00D1A890 /* AppController.mm in Sources */,
				BCB862B41C482A9B00CB8383 /* PhysicsManager.cpp in Sources */,
				BCB85EFE1C45EE6200CB8383 /* GameRenderer.cpp in Sources */,
				BC3CEA901C1F20F700738B33 /* Palette.cpp in Sources */,
				BCB862A21C4710F700CB8383 /* GameLevel.cpp in Sources */,
				BCB862B01C473E3500CB8383 /* PhysicsShape.cpp in Sources */,
				BCB85EF61C45ED2C00CB8383 /* GameObject.cpp in Sources */,
				BC64236E1C3F4FB40018F96F /* DeathCircleRenderer.cpp in Sources */,
				BC3CE9FB1C1B86B400738B33 /* Blocks.cpp in Sources */,
				BC3CEA211C1B86B400738B33 /* Rotator.cpp in Sources */,
				BCB862AB1C47376400CB8383 /* PhysicsComponent.cpp in Sources */,
				BC3CEA271C1B86B400738B33 /* CameraShake.cpp in Sources */,
				BC641FFC1C3C7F730018F96F /* ChooseWorldScene.cpp in Sources */,
				503AE10217EB989F00D1A890 /* RootViewController.mm in Sources */,
				503AE10117EB989F00D1A890 /* main.m in Sources */,
				BC3CEA151C1B86B400738B33 /* LogicManager.cpp in Sources */,
				BC6420001C3C88BB0018F96F /* GameLayerContainer.cpp in Sources */,
				BCB866AF1C4D818500CB8383 /* InputComponent.cpp in Sources */,
				BC3CEA1B1C1B86B400738B33 /* PathLib.cpp in Sources */,
				BC64236A1C3F4FA20018F96F /* RectRenderer.cpp in Sources */,
				BC3CE9FD1C1B86B400738B33 /* Button.cpp in Sources */,
				BCB862B81C4842BA00CB8383 /* ColorPalette.cpp in Sources */,
				BC6423711C3F5D3B0018F96F /* EditorScene.cpp in Sources */,
				BC3CEA071C1B86B400738B33 /* GameScene.cpp in Sources */,
				BC3CEA051C1B86B400738B33 /* Events.cpp in Sources */,
				BC3CEA2D1C1B86B400738B33 /* TimeEvent.cpp in Sources */,
				BC3CEA941C1F475F00738B33 /* Hero.cpp in Sources */,
				BC3CEA311C1B86B400738B33 /* UILayer.cpp in Sources */,
				BCB85F0C1C46B35F00CB8383 /* SimpleRenderer.cpp in Sources */,
				BCDFFFFB1C32ECED006E8A59 /* BlockRenderer.cpp in Sources */,
				BCB866A31C49D30900CB8383 /* DeathRenderer.cpp in Sources */,
				BCB866A71C49D8EE00CB8383 /* DeathRotatorRenderer.cpp in Sources */,
				BC3CEA191C1B86B400738B33 /* Path.cpp in Sources */,
				BCB862BC1C4843EC00CB8383 /* JsonParser.cpp in Sources */,
				BC3CEA0B1C1B86B400738B33 /* HttpHelper.cpp in Sources */,
				BC3CEA171C1B86B400738B33 /* MapSerial.cpp in Sources */,
				BC3CE9FF1C1B86B400738B33 /* DrawNodeEx.cpp in Sources */,
				BC3CEA251C1B86B400738B33 /* Shadows.cpp in Sources */,
				BC3CEA331C1B86B400738B33 /* VisibleRect.cpp in Sources */,
				BC3CEA0F1C1B86B400738B33 /* LevelScene.cpp in Sources */,
				BC3CEA2B1C1B86B400738B33 /* SpriteUV.cpp in Sources */,
				BCB866AB1C4D495C00CB8383 /* GameEvents.cpp in Sources */,
				BCB8669E1C49A34700CB8383 /* BlockKindConfigs.cpp in Sources */,
			);
			runOnlyForDeploymentPostprocessing = 0;
		};
		5087E75617EB910900C73F5D /* Sources */ = {
			isa = PBXSourcesBuildPhase;
			buildActionMask = 2147483647;
			files = (
				BCB862A31C4710F700CB8383 /* GameLevel.cpp in Sources */,
				BC3CEA1A1C1B86B400738B33 /* Path.cpp in Sources */,
				BC3CEA061C1B86B400738B33 /* Events.cpp in Sources */,
				BCB8669F1C49A34700CB8383 /* BlockKindConfigs.cpp in Sources */,
				BCB85EF71C45ED2C00CB8383 /* GameObject.cpp in Sources */,
				46880B8919C43A87006E1F66 /* AppDelegate.cpp in Sources */,
				503AE10517EB98FF00D1A890 /* main.cpp in Sources */,
				BCB862BD1C4843EC00CB8383 /* JsonParser.cpp in Sources */,
				BCDFFFFC1C32ECED006E8A59 /* BlockRenderer.cpp in Sources */,
				BC64236B1C3F4FA20018F96F /* RectRenderer.cpp in Sources */,
				B52188241C34F08300E04587 /* SceneSprite.cpp in Sources */,
				BCB862AC1C47376400CB8383 /* PhysicsComponent.cpp in Sources */,
				BC3CEA1C1C1B86B400738B33 /* PathLib.cpp in Sources */,
				BCB85EFF1C45EE6200CB8383 /* GameRenderer.cpp in Sources */,
				BCB85F041C46ABE300CB8383 /* GameTypes.cpp in Sources */,
				BC3CE9FC1C1B86B400738B33 /* Blocks.cpp in Sources */,
				B5A55AA81C2B8B7200E02C60 /* ControlPad.cpp in Sources */,
				BCB862B51C482A9B00CB8383 /* PhysicsManager.cpp in Sources */,
				BC3CEA911C1F20F700738B33 /* Palette.cpp in Sources */,
				BC3CEA0C1C1B86B400738B33 /* HttpHelper.cpp in Sources */,
				BC3CEA161C1B86B400738B33 /* LogicManager.cpp in Sources */,
				BC3CEA341C1B86B400738B33 /* VisibleRect.cpp in Sources */,
				BC3CEA281C1B86B400738B33 /* CameraShake.cpp in Sources */,
				BC3CEA181C1B86B400738B33 /* MapSerial.cpp in Sources */,
				BCB866B01C4D818500CB8383 /* InputComponent.cpp in Sources */,
				BCB866A41C49D30900CB8383 /* DeathRenderer.cpp in Sources */,
				BC3CE9FE1C1B86B400738B33 /* Button.cpp in Sources */,
				BC3CEA0A1C1B86B400738B33 /* GameUtils.cpp in Sources */,
				BC3CEA081C1B86B400738B33 /* GameScene.cpp in Sources */,
				BCB866561C4957F900CB8383 /* EditorGameScene.cpp in Sources */,
				BCB862B91C4842BA00CB8383 /* ColorPalette.cpp in Sources */,
				BC3CEA2E1C1B86B400738B33 /* TimeEvent.cpp in Sources */,
				BC6420011C3C88BB0018F96F /* GameLayerContainer.cpp in Sources */,
				BC3CEA951C1F475F00738B33 /* Hero.cpp in Sources */,
				BCB866A81C49D8EE00CB8383 /* DeathRotatorRenderer.cpp in Sources */,
				BC3CEA101C1B86B400738B33 /* LevelScene.cpp in Sources */,
				BC641FFD1C3C7F730018F96F /* ChooseWorldScene.cpp in Sources */,
				BCB85F0D1C46B35F00CB8383 /* SimpleRenderer.cpp in Sources */,
				BCB85F081C46AE9500CB8383 /* ObjectManager.cpp in Sources */,
				BC64236F1C3F4FB40018F96F /* DeathCircleRenderer.cpp in Sources */,
				BC3CEA001C1B86B400738B33 /* DrawNodeEx.cpp in Sources */,
				BCB866AC1C4D495C00CB8383 /* GameEvents.cpp in Sources */,
				BC3CEA1E1C1B86B400738B33 /* PathLibOSX.mm in Sources */,
				BC3CEA2C1C1B86B400738B33 /* SpriteUV.cpp in Sources */,
				BC3CEA261C1B86B400738B33 /* Shadows.cpp in Sources */,
				BCB862B11C473E3500CB8383 /* PhysicsShape.cpp in Sources */,
				BC3CEA301C1B86B400738B33 /* UIColorEditor.cpp in Sources */,
				BC6423721C3F5D3B0018F96F /* EditorScene.cpp in Sources */,
				BC3CEA321C1B86B400738B33 /* UILayer.cpp in Sources */,
				BC3CEA221C1B86B400738B33 /* Rotator.cpp in Sources */,
			);
			runOnlyForDeploymentPostprocessing = 0;
		};
/* End PBXSourcesBuildPhase section */

/* Begin PBXTargetDependency section */
		1AC6FB16180E9959004C840B /* PBXTargetDependency */ = {
			isa = PBXTargetDependency;
			name = "cocos2dx Mac";
			targetProxy = 1AC6FB15180E9959004C840B /* PBXContainerItemProxy */;
		};
		1AC6FB25180E99E1004C840B /* PBXTargetDependency */ = {
			isa = PBXTargetDependency;
			name = "cocos2dx iOS";
			targetProxy = 1AC6FB24180E99E1004C840B /* PBXContainerItemProxy */;
		};
/* End PBXTargetDependency section */

/* Begin XCBuildConfiguration section */
		1D6058940D05DD3E006BFB54 /* Debug */ = {
			isa = XCBuildConfiguration;
			buildSettings = {
				ALWAYS_SEARCH_USER_PATHS = YES;
				CODE_SIGN_IDENTITY = "iPhone Developer";
				COMPRESS_PNG_FILES = NO;
				ENABLE_BITCODE = NO;
				GCC_DYNAMIC_NO_PIC = NO;
				GCC_INLINES_ARE_PRIVATE_EXTERN = NO;
				GCC_PRECOMPILE_PREFIX_HEADER = YES;
				GCC_PREFIX_HEADER = ios/Prefix.pch;
				GCC_PREPROCESSOR_DEFINITIONS = (
					USE_FILE32API,
					CC_TARGET_OS_IPHONE,
					"COCOS2D_DEBUG=1",
					"CC_ENABLE_CHIPMUNK_INTEGRATION=1",
				);
				GCC_SYMBOLS_PRIVATE_EXTERN = NO;
				HEADER_SEARCH_PATHS = (
					"$(inherited)",
					"$(SRCROOT)/../cocos2d/cocos/platform/ios",
					"$(SRCROOT)/../cocos2d/cocos/platform/ios/Simulation",
				);
				INFOPLIST_FILE = ios/Info.plist;
				IPHONEOS_DEPLOYMENT_TARGET = 6.0;
				LIBRARY_SEARCH_PATHS = "";
				OTHER_LDFLAGS = (
					"$(_COCOS_LIB_IOS_BEGIN)",
					"$(_COCOS_LIB_IOS_END)",
				);
				PRODUCT_BUNDLE_IDENTIFIER = com.demigames.jump;
				SDKROOT = iphoneos;
				TARGETED_DEVICE_FAMILY = "1,2";
				USER_HEADER_SEARCH_PATHS = "$(_COCOS_HEADER_IOS_BEGIN) $(_COCOS_HEADER_IOS_END)";
				VALID_ARCHS = "arm64 armv7";
			};
			name = Debug;
		};
		1D6058950D05DD3E006BFB54 /* Release */ = {
			isa = XCBuildConfiguration;
			buildSettings = {
				ALWAYS_SEARCH_USER_PATHS = YES;
				CODE_SIGN_IDENTITY = "iPhone Developer";
				COMPRESS_PNG_FILES = NO;
				ENABLE_BITCODE = NO;
				GCC_INLINES_ARE_PRIVATE_EXTERN = NO;
				GCC_PRECOMPILE_PREFIX_HEADER = YES;
				GCC_PREFIX_HEADER = ios/Prefix.pch;
				GCC_PREPROCESSOR_DEFINITIONS = (
					USE_FILE32API,
					CC_TARGET_OS_IPHONE,
					"CC_ENABLE_CHIPMUNK_INTEGRATION=1",
				);
				GCC_SYMBOLS_PRIVATE_EXTERN = NO;
				HEADER_SEARCH_PATHS = (
					"$(inherited)",
					"$(SRCROOT)/../cocos2d/cocos/platform/ios",
					"$(SRCROOT)/../cocos2d/cocos/platform/ios/Simulation",
				);
				INFOPLIST_FILE = ios/Info.plist;
				IPHONEOS_DEPLOYMENT_TARGET = 6.0;
				LIBRARY_SEARCH_PATHS = "";
				OTHER_LDFLAGS = (
					"$(_COCOS_LIB_IOS_BEGIN)",
					"$(_COCOS_LIB_IOS_END)",
				);
				PRODUCT_BUNDLE_IDENTIFIER = com.demigames.jump;
				SDKROOT = iphoneos;
				TARGETED_DEVICE_FAMILY = "1,2";
				USER_HEADER_SEARCH_PATHS = "$(_COCOS_HEADER_IOS_BEGIN) $(_COCOS_HEADER_IOS_END)";
				VALID_ARCHS = "arm64 armv7";
			};
			name = Release;
		};
		5087E76D17EB910900C73F5D /* Debug */ = {
			isa = XCBuildConfiguration;
			buildSettings = {
				ALWAYS_SEARCH_USER_PATHS = YES;
				CLANG_CXX_LANGUAGE_STANDARD = "c++0x";
				CLANG_CXX_LIBRARY = "libc++";
				COMBINE_HIDPI_IMAGES = YES;
				GCC_DYNAMIC_NO_PIC = NO;
				GCC_INLINES_ARE_PRIVATE_EXTERN = NO;
				GCC_PRECOMPILE_PREFIX_HEADER = YES;
				GCC_PREFIX_HEADER = mac/Prefix.pch;
				GCC_PREPROCESSOR_DEFINITIONS = (
					USE_FILE32API,
					CC_TARGET_OS_MAC,
					"COCOS2D_DEBUG=1",
					"CC_ENABLE_CHIPMUNK_INTEGRATION=1",
				);
				GCC_SYMBOLS_PRIVATE_EXTERN = NO;
				HEADER_SEARCH_PATHS = (
					"$(inherited)",
					"$(SRCROOT)/../cocos2d/cocos/platform/mac",
					"$(SRCROOT)/../cocos2d/external/glfw3/include/mac",
				);
				INFOPLIST_FILE = mac/Info.plist;
				LIBRARY_SEARCH_PATHS = "";
				MACOSX_DEPLOYMENT_TARGET = 10.10;
				OTHER_LDFLAGS = (
					"$(_COCOS_LIB_MAC_BEGIN)",
					"$(_COCOS_LIB_MAC_END)",
				);
				PRODUCT_BUNDLE_IDENTIFIER = com.demigames.jump;
				USER_HEADER_SEARCH_PATHS = "$(_COCOS_HEADER_MAC_BEGIN) $(_COCOS_HEADER_MAC_END)";
			};
			name = Debug;
		};
		5087E76E17EB910900C73F5D /* Release */ = {
			isa = XCBuildConfiguration;
			buildSettings = {
				ALWAYS_SEARCH_USER_PATHS = YES;
				CLANG_CXX_LANGUAGE_STANDARD = "c++0x";
				CLANG_CXX_LIBRARY = "libc++";
				COMBINE_HIDPI_IMAGES = YES;
				GCC_INLINES_ARE_PRIVATE_EXTERN = NO;
				GCC_PRECOMPILE_PREFIX_HEADER = YES;
				GCC_PREFIX_HEADER = mac/Prefix.pch;
				GCC_PREPROCESSOR_DEFINITIONS = (
					USE_FILE32API,
					CC_TARGET_OS_MAC,
					"CC_ENABLE_CHIPMUNK_INTEGRATION=1",
				);
				GCC_SYMBOLS_PRIVATE_EXTERN = NO;
				HEADER_SEARCH_PATHS = (
					"$(inherited)",
					"$(SRCROOT)/../cocos2d/cocos/platform/mac",
					"$(SRCROOT)/../cocos2d/external/glfw3/include/mac",
				);
				INFOPLIST_FILE = mac/Info.plist;
				LIBRARY_SEARCH_PATHS = "";
				MACOSX_DEPLOYMENT_TARGET = 10.10;
				OTHER_LDFLAGS = (
					"$(_COCOS_LIB_MAC_BEGIN)",
					"$(_COCOS_LIB_MAC_END)",
				);
				PRODUCT_BUNDLE_IDENTIFIER = com.demigames.jump;
				USER_HEADER_SEARCH_PATHS = "$(_COCOS_HEADER_MAC_BEGIN) $(_COCOS_HEADER_MAC_END)";
			};
			name = Release;
		};
		C01FCF4F08A954540054247B /* Debug */ = {
			isa = XCBuildConfiguration;
			buildSettings = {
				CLANG_CXX_LANGUAGE_STANDARD = "c++0x";
				CLANG_CXX_LIBRARY = "libc++";
				COPY_PHASE_STRIP = NO;
				ENABLE_TESTABILITY = YES;
				GCC_OPTIMIZATION_LEVEL = 0;
				GCC_WARN_ABOUT_RETURN_TYPE = YES;
				GCC_WARN_UNUSED_VARIABLE = YES;
				HEADER_SEARCH_PATHS = (
					"$(SRCROOT)/../cocos2d",
					"$(SRCROOT)/../cocos2d/cocos",
					"$(SRCROOT)/../cocos2d/cocos/base",
					"$(SRCROOT)/../cocos2d/cocos/physics",
					"$(SRCROOT)/../cocos2d/cocos/math",
					"$(SRCROOT)/../cocos2d/cocos/2d",
					"$(SRCROOT)/../cocos2d/cocos/ui",
					"$(SRCROOT)/../cocos2d/cocos/network",
					"$(SRCROOT)/../cocos2d/cocos/audio/include",
					"$(SRCROOT)/../cocos2d/cocos/editor-support",
					"$(SRCROOT)/../cocos2d/extensions",
					"$(SRCROOT)/../cocos2d/external",
					"$(SRCROOT)/../cocos2d/external/chipmunk/include/chipmunk",
				);
				IPHONEOS_DEPLOYMENT_TARGET = 6.0;
				MACOSX_DEPLOYMENT_TARGET = 10.7;
				ONLY_ACTIVE_ARCH = YES;
				PRODUCT_NAME = "$(TARGET_NAME)";
				SDKROOT = macosx;
			};
			name = Debug;
		};
		C01FCF5008A954540054247B /* Release */ = {
			isa = XCBuildConfiguration;
			buildSettings = {
				CLANG_CXX_LANGUAGE_STANDARD = "c++0x";
				CLANG_CXX_LIBRARY = "libc++";
				GCC_WARN_ABOUT_RETURN_TYPE = YES;
				GCC_WARN_UNUSED_VARIABLE = YES;
				HEADER_SEARCH_PATHS = (
					"$(SRCROOT)/../cocos2d",
					"$(SRCROOT)/../cocos2d/cocos",
					"$(SRCROOT)/../cocos2d/cocos/base",
					"$(SRCROOT)/../cocos2d/cocos/physics",
					"$(SRCROOT)/../cocos2d/cocos/math",
					"$(SRCROOT)/../cocos2d/cocos/2d",
					"$(SRCROOT)/../cocos2d/cocos/ui",
					"$(SRCROOT)/../cocos2d/cocos/network",
					"$(SRCROOT)/../cocos2d/cocos/audio/include",
					"$(SRCROOT)/../cocos2d/cocos/editor-support",
					"$(SRCROOT)/../cocos2d/extensions",
					"$(SRCROOT)/../cocos2d/external",
					"$(SRCROOT)/../cocos2d/external/chipmunk/include/chipmunk",
				);
				IPHONEOS_DEPLOYMENT_TARGET = 6.0;
				MACOSX_DEPLOYMENT_TARGET = 10.7;
				OTHER_CFLAGS = "-DNS_BLOCK_ASSERTIONS=1";
				PRODUCT_NAME = "$(TARGET_NAME)";
				SDKROOT = macosx;
				VALIDATE_PRODUCT = YES;
			};
			name = Release;
		};
/* End XCBuildConfiguration section */

/* Begin XCConfigurationList section */
		1D6058960D05DD3E006BFB54 /* Build configuration list for PBXNativeTarget "jumpproj-mobile" */ = {
			isa = XCConfigurationList;
			buildConfigurations = (
				1D6058940D05DD3E006BFB54 /* Debug */,
				1D6058950D05DD3E006BFB54 /* Release */,
			);
			defaultConfigurationIsVisible = 0;
			defaultConfigurationName = Debug;
		};
		5087E76C17EB910900C73F5D /* Build configuration list for PBXNativeTarget "jumpproj-desktop" */ = {
			isa = XCConfigurationList;
			buildConfigurations = (
				5087E76D17EB910900C73F5D /* Debug */,
				5087E76E17EB910900C73F5D /* Release */,
			);
			defaultConfigurationIsVisible = 0;
			defaultConfigurationName = Debug;
		};
		C01FCF4E08A954540054247B /* Build configuration list for PBXProject "jumpproj" */ = {
			isa = XCConfigurationList;
			buildConfigurations = (
				C01FCF4F08A954540054247B /* Debug */,
				C01FCF5008A954540054247B /* Release */,
			);
			defaultConfigurationIsVisible = 0;
			defaultConfigurationName = Debug;
		};
/* End XCConfigurationList section */
	};
	rootObject = 29B97313FDCFA39411CA2CEA /* Project object */;
}
